// !$*UTF8*$!
{
	archiveVersion = 1;
	classes = {
	};
	objectVersion = 55;
	objects = {

/* Begin PBXBuildFile section */
		64433DCD27CA7F4F0073DC50 /* AppDelegate.swift in Sources */ = {isa = PBXBuildFile; fileRef = 64433DCC27CA7F4F0073DC50 /* AppDelegate.swift */; };
		64433DCF27CA7F4F0073DC50 /* SceneDelegate.swift in Sources */ = {isa = PBXBuildFile; fileRef = 64433DCE27CA7F4F0073DC50 /* SceneDelegate.swift */; };
		64433DD127CA7F4F0073DC50 /* ViewController.swift in Sources */ = {isa = PBXBuildFile; fileRef = 64433DD027CA7F4F0073DC50 /* ViewController.swift */; };
		64433DD427CA7F4F0073DC50 /* Main.storyboard in Resources */ = {isa = PBXBuildFile; fileRef = 64433DD227CA7F4F0073DC50 /* Main.storyboard */; };
		64433DD627CA7F530073DC50 /* Assets.xcassets in Resources */ = {isa = PBXBuildFile; fileRef = 64433DD527CA7F530073DC50 /* Assets.xcassets */; };
		64433DD927CA7F530073DC50 /* LaunchScreen.storyboard in Resources */ = {isa = PBXBuildFile; fileRef = 64433DD727CA7F530073DC50 /* LaunchScreen.storyboard */; };
		64433DE427CA7F540073DC50 /* WidgetsKullanimiTests.swift in Sources */ = {isa = PBXBuildFile; fileRef = 64433DE327CA7F540073DC50 /* WidgetsKullanimiTests.swift */; };
		64433DEE27CA7F540073DC50 /* WidgetsKullanimiUITests.swift in Sources */ = {isa = PBXBuildFile; fileRef = 64433DED27CA7F540073DC50 /* WidgetsKullanimiUITests.swift */; };
		64433DF027CA7F540073DC50 /* WidgetsKullanimiUITestsLaunchTests.swift in Sources */ = {isa = PBXBuildFile; fileRef = 64433DEF27CA7F540073DC50 /* WidgetsKullanimiUITestsLaunchTests.swift */; };
/* End PBXBuildFile section */

/* Begin PBXContainerItemProxy section */
		64433DE027CA7F540073DC50 /* PBXContainerItemProxy */ = {
			isa = PBXContainerItemProxy;
			containerPortal = 64433DC127CA7F4F0073DC50 /* Project object */;
			proxyType = 1;
			remoteGlobalIDString = 64433DC827CA7F4F0073DC50;
			remoteInfo = WidgetsKullanimi;
		};
		64433DEA27CA7F540073DC50 /* PBXContainerItemProxy */ = {
			isa = PBXContainerItemProxy;
			containerPortal = 64433DC127CA7F4F0073DC50 /* Project object */;
			proxyType = 1;
			remoteGlobalIDString = 64433DC827CA7F4F0073DC50;
			remoteInfo = WidgetsKullanimi;
		};
/* End PBXContainerItemProxy section */

/* Begin PBXFileReference section */
		64433DC927CA7F4F0073DC50 /* WidgetsKullanimi.app */ = {isa = PBXFileReference; explicitFileType = wrapper.application; includeInIndex = 0; path = WidgetsKullanimi.app; sourceTree = BUILT_PRODUCTS_DIR; };
		64433DCC27CA7F4F0073DC50 /* AppDelegate.swift */ = {isa = PBXFileReference; lastKnownFileType = sourcecode.swift; path = AppDelegate.swift; sourceTree = "<group>"; };
		64433DCE27CA7F4F0073DC50 /* SceneDelegate.swift */ = {isa = PBXFileReference; lastKnownFileType = sourcecode.swift; path = SceneDelegate.swift; sourceTree = "<group>"; };
		64433DD027CA7F4F0073DC50 /* ViewController.swift */ = {isa = PBXFileReference; lastKnownFileType = sourcecode.swift; path = ViewController.swift; sourceTree = "<group>"; };
		64433DD327CA7F4F0073DC50 /* Base */ = {isa = PBXFileReference; lastKnownFileType = file.storyboard; name = Base; path = Base.lproj/Main.storyboard; sourceTree = "<group>"; };
		64433DD527CA7F530073DC50 /* Assets.xcassets */ = {isa = PBXFileReference; lastKnownFileType = folder.assetcatalog; path = Assets.xcassets; sourceTree = "<group>"; };
		64433DD827CA7F530073DC50 /* Base */ = {isa = PBXFileReference; lastKnownFileType = file.storyboard; name = Base; path = Base.lproj/LaunchScreen.storyboard; sourceTree = "<group>"; };
		64433DDA27CA7F530073DC50 /* Info.plist */ = {isa = PBXFileReference; lastKnownFileType = text.plist.xml; path = Info.plist; sourceTree = "<group>"; };
		64433DDF27CA7F540073DC50 /* WidgetsKullanimiTests.xctest */ = {isa = PBXFileReference; explicitFileType = wrapper.cfbundle; includeInIndex = 0; path = WidgetsKullanimiTests.xctest; sourceTree = BUILT_PRODUCTS_DIR; };
		64433DE327CA7F540073DC50 /* WidgetsKullanimiTests.swift */ = {isa = PBXFileReference; lastKnownFileType = sourcecode.swift; path = WidgetsKullanimiTests.swift; sourceTree = "<group>"; };
		64433DE927CA7F540073DC50 /* WidgetsKullanimiUITests.xctest */ = {isa = PBXFileReference; explicitFileType = wrapper.cfbundle; includeInIndex = 0; path = WidgetsKullanimiUITests.xctest; sourceTree = BUILT_PRODUCTS_DIR; };
		64433DED27CA7F540073DC50 /* WidgetsKullanimiUITests.swift */ = {isa = PBXFileReference; lastKnownFileType = sourcecode.swift; path = WidgetsKullanimiUITests.swift; sourceTree = "<group>"; };
		64433DEF27CA7F540073DC50 /* WidgetsKullanimiUITestsLaunchTests.swift */ = {isa = PBXFileReference; lastKnownFileType = sourcecode.swift; path = WidgetsKullanimiUITestsLaunchTests.swift; sourceTree = "<group>"; };
/* End PBXFileReference section */

/* Begin PBXFrameworksBuildPhase section */
		64433DC627CA7F4F0073DC50 /* Frameworks */ = {
			isa = PBXFrameworksBuildPhase;
			buildActionMask = 2147483647;
			files = (
			);
			runOnlyForDeploymentPostprocessing = 0;
		};
		64433DDC27CA7F540073DC50 /* Frameworks */ = {
			isa = PBXFrameworksBuildPhase;
			buildActionMask = 2147483647;
			files = (
			);
			runOnlyForDeploymentPostprocessing = 0;
		};
		64433DE627CA7F540073DC50 /* Frameworks */ = {
			isa = PBXFrameworksBuildPhase;
			buildActionMask = 2147483647;
			files = (
			);
			runOnlyForDeploymentPostprocessing = 0;
		};
/* End PBXFrameworksBuildPhase section */

/* Begin PBXGroup section */
		64433DC027CA7F4F0073DC50 = {
			isa = PBXGroup;
			children = (
				64433DCB27CA7F4F0073DC50 /* WidgetsKullanimi */,
				64433DE227CA7F540073DC50 /* WidgetsKullanimiTests */,
				64433DEC27CA7F540073DC50 /* WidgetsKullanimiUITests */,
				64433DCA27CA7F4F0073DC50 /* Products */,
			);
			sourceTree = "<group>";
		};
		64433DCA27CA7F4F0073DC50 /* Products */ = {
			isa = PBXGroup;
			children = (
				64433DC927CA7F4F0073DC50 /* WidgetsKullanimi.app */,
				64433DDF27CA7F540073DC50 /* WidgetsKullanimiTests.xctest */,
				64433DE927CA7F540073DC50 /* WidgetsKullanimiUITests.xctest */,
			);
			name = Products;
			sourceTree = "<group>";
		};
		64433DCB27CA7F4F0073DC50 /* WidgetsKullanimi */ = {
			isa = PBXGroup;
			children = (
				64433DCC27CA7F4F0073DC50 /* AppDelegate.swift */,
				64433DCE27CA7F4F0073DC50 /* SceneDelegate.swift */,
				64433DD027CA7F4F0073DC50 /* ViewController.swift */,
				64433DD227CA7F4F0073DC50 /* Main.storyboard */,
				64433DD527CA7F530073DC50 /* Assets.xcassets */,
				64433DD727CA7F530073DC50 /* LaunchScreen.storyboard */,
				64433DDA27CA7F530073DC50 /* Info.plist */,
			);
			path = WidgetsKullanimi;
			sourceTree = "<group>";
		};
		64433DE227CA7F540073DC50 /* WidgetsKullanimiTests */ = {
			isa = PBXGroup;
			children = (
				64433DE327CA7F540073DC50 /* WidgetsKullanimiTests.swift */,
			);
			path = WidgetsKullanimiTests;
			sourceTree = "<group>";
		};
		64433DEC27CA7F540073DC50 /* WidgetsKullanimiUITests */ = {
			isa = PBXGroup;
			children = (
				64433DED27CA7F540073DC50 /* WidgetsKullanimiUITests.swift */,
				64433DEF27CA7F540073DC50 /* WidgetsKullanimiUITestsLaunchTests.swift */,
			);
			path = WidgetsKullanimiUITests;
			sourceTree = "<group>";
		};
/* End PBXGroup section */

/* Begin PBXNativeTarget section */
		64433DC827CA7F4F0073DC50 /* WidgetsKullanimi */ = {
			isa = PBXNativeTarget;
			buildConfigurationList = 64433DF327CA7F540073DC50 /* Build configuration list for PBXNativeTarget "WidgetsKullanimi" */;
			buildPhases = (
				64433DC527CA7F4F0073DC50 /* Sources */,
				64433DC627CA7F4F0073DC50 /* Frameworks */,
				64433DC727CA7F4F0073DC50 /* Resources */,
			);
			buildRules = (
			);
			dependencies = (
			);
			name = WidgetsKullanimi;
			productName = WidgetsKullanimi;
			productReference = 64433DC927CA7F4F0073DC50 /* WidgetsKullanimi.app */;
			productType = "com.apple.product-type.application";
		};
		64433DDE27CA7F540073DC50 /* WidgetsKullanimiTests */ = {
			isa = PBXNativeTarget;
			buildConfigurationList = 64433DF627CA7F540073DC50 /* Build configuration list for PBXNativeTarget "WidgetsKullanimiTests" */;
			buildPhases = (
				64433DDB27CA7F540073DC50 /* Sources */,
				64433DDC27CA7F540073DC50 /* Frameworks */,
				64433DDD27CA7F540073DC50 /* Resources */,
			);
			buildRules = (
			);
			dependencies = (
				64433DE127CA7F540073DC50 /* PBXTargetDependency */,
			);
			name = WidgetsKullanimiTests;
			productName = WidgetsKullanimiTests;
			productReference = 64433DDF27CA7F540073DC50 /* WidgetsKullanimiTests.xctest */;
			productType = "com.apple.product-type.bundle.unit-test";
		};
		64433DE827CA7F540073DC50 /* WidgetsKullanimiUITests */ = {
			isa = PBXNativeTarget;
			buildConfigurationList = 64433DF927CA7F540073DC50 /* Build configuration list for PBXNativeTarget "WidgetsKullanimiUITests" */;
			buildPhases = (
				64433DE527CA7F540073DC50 /* Sources */,
				64433DE627CA7F540073DC50 /* Frameworks */,
				64433DE727CA7F540073DC50 /* Resources */,
			);
			buildRules = (
			);
			dependencies = (
				64433DEB27CA7F540073DC50 /* PBXTargetDependency */,
			);
			name = WidgetsKullanimiUITests;
			productName = WidgetsKullanimiUITests;
			productReference = 64433DE927CA7F540073DC50 /* WidgetsKullanimiUITests.xctest */;
			productType = "com.apple.product-type.bundle.ui-testing";
		};
/* End PBXNativeTarget section */

/* Begin PBXProject section */
		64433DC127CA7F4F0073DC50 /* Project object */ = {
			isa = PBXProject;
			attributes = {
				BuildIndependentTargetsInParallel = 1;
				LastSwiftUpdateCheck = 1320;
				LastUpgradeCheck = 1320;
				TargetAttributes = {
					64433DC827CA7F4F0073DC50 = {
						CreatedOnToolsVersion = 13.2.1;
					};
					64433DDE27CA7F540073DC50 = {
						CreatedOnToolsVersion = 13.2.1;
						TestTargetID = 64433DC827CA7F4F0073DC50;
					};
					64433DE827CA7F540073DC50 = {
						CreatedOnToolsVersion = 13.2.1;
						TestTargetID = 64433DC827CA7F4F0073DC50;
					};
				};
			};
			buildConfigurationList = 64433DC427CA7F4F0073DC50 /* Build configuration list for PBXProject "WidgetsKullanimi" */;
			compatibilityVersion = "Xcode 13.0";
			developmentRegion = en;
			hasScannedForEncodings = 0;
			knownRegions = (
				en,
				Base,
			);
			mainGroup = 64433DC027CA7F4F0073DC50;
			productRefGroup = 64433DCA27CA7F4F0073DC50 /* Products */;
			projectDirPath = "";
			projectRoot = "";
			targets = (
				64433DC827CA7F4F0073DC50 /* WidgetsKullanimi */,
				64433DDE27CA7F540073DC50 /* WidgetsKullanimiTests */,
				64433DE827CA7F540073DC50 /* WidgetsKullanimiUITests */,
			);
		};
/* End PBXProject section */

/* Begin PBXResourcesBuildPhase section */
		64433DC727CA7F4F0073DC50 /* Resources */ = {
			isa = PBXResourcesBuildPhase;
			buildActionMask = 2147483647;
			files = (
				64433DD927CA7F530073DC50 /* LaunchScreen.storyboard in Resources */,
				64433DD627CA7F530073DC50 /* Assets.xcassets in Resources */,
				64433DD427CA7F4F0073DC50 /* Main.storyboard in Resources */,
			);
			runOnlyForDeploymentPostprocessing = 0;
		};
		64433DDD27CA7F540073DC50 /* Resources */ = {
			isa = PBXResourcesBuildPhase;
			buildActionMask = 2147483647;
			files = (
			);
			runOnlyForDeploymentPostprocessing = 0;
		};
		64433DE727CA7F540073DC50 /* Resources */ = {
			isa = PBXResourcesBuildPhase;
			buildActionMask = 2147483647;
			files = (
			);
			runOnlyForDeploymentPostprocessing = 0;
		};
/* End PBXResourcesBuildPhase section */

/* Begin PBXSourcesBuildPhase section */
		64433DC527CA7F4F0073DC50 /* Sources */ = {
			isa = PBXSourcesBuildPhase;
			buildActionMask = 2147483647;
			files = (
				64433DD127CA7F4F0073DC50 /* ViewController.swift in Sources */,
				64433DCD27CA7F4F0073DC50 /* AppDelegate.swift in Sources */,
				64433DCF27CA7F4F0073DC50 /* SceneDelegate.swift in Sources */,
			);
			runOnlyForDeploymentPostprocessing = 0;
		};
		64433DDB27CA7F540073DC50 /* Sources */ = {
			isa = PBXSourcesBuildPhase;
			buildActionMask = 2147483647;
			files = (
				64433DE427CA7F540073DC50 /* WidgetsKullanimiTests.swift in Sources */,
			);
			runOnlyForDeploymentPostprocessing = 0;
		};
		64433DE527CA7F540073DC50 /* Sources */ = {
			isa = PBXSourcesBuildPhase;
			buildActionMask = 2147483647;
			files = (
				64433DEE27CA7F540073DC50 /* WidgetsKullanimiUITests.swift in Sources */,
				64433DF027CA7F540073DC50 /* WidgetsKullanimiUITestsLaunchTests.swift in Sources */,
			);
			runOnlyForDeploymentPostprocessing = 0;
		};
/* End PBXSourcesBuildPhase section */

/* Begin PBXTargetDependency section */
		64433DE127CA7F540073DC50 /* PBXTargetDependency */ = {
			isa = PBXTargetDependency;
			target = 64433DC827CA7F4F0073DC50 /* WidgetsKullanimi */;
			targetProxy = 64433DE027CA7F540073DC50 /* PBXContainerItemProxy */;
		};
		64433DEB27CA7F540073DC50 /* PBXTargetDependency */ = {
			isa = PBXTargetDependency;
			target = 64433DC827CA7F4F0073DC50 /* WidgetsKullanimi */;
			targetProxy = 64433DEA27CA7F540073DC50 /* PBXContainerItemProxy */;
		};
/* End PBXTargetDependency section */

/* Begin PBXVariantGroup section */
		64433DD227CA7F4F0073DC50 /* Main.storyboard */ = {
			isa = PBXVariantGroup;
			children = (
				64433DD327CA7F4F0073DC50 /* Base */,
			);
			name = Main.storyboard;
			sourceTree = "<group>";
		};
		64433DD727CA7F530073DC50 /* LaunchScreen.storyboard */ = {
			isa = PBXVariantGroup;
			children = (
				64433DD827CA7F530073DC50 /* Base */,
			);
			name = LaunchScreen.storyboard;
			sourceTree = "<group>";
		};
/* End PBXVariantGroup section */

/* Begin XCBuildConfiguration section */
		64433DF127CA7F540073DC50 /* Debug */ = {
			isa = XCBuildConfiguration;
			buildSettings = {
				ALWAYS_SEARCH_USER_PATHS = NO;
				CLANG_ANALYZER_NONNULL = YES;
				CLANG_ANALYZER_NUMBER_OBJECT_CONVERSION = YES_AGGRESSIVE;
				CLANG_CXX_LANGUAGE_STANDARD = "gnu++17";
				CLANG_CXX_LIBRARY = "libc++";
				CLANG_ENABLE_MODULES = YES;
				CLANG_ENABLE_OBJC_ARC = YES;
				CLANG_ENABLE_OBJC_WEAK = YES;
				CLANG_WARN_BLOCK_CAPTURE_AUTORELEASING = YES;
				CLANG_WARN_BOOL_CONVERSION = YES;
				CLANG_WARN_COMMA = YES;
				CLANG_WARN_CONSTANT_CONVERSION = YES;
				CLANG_WARN_DEPRECATED_OBJC_IMPLEMENTATIONS = YES;
				CLANG_WARN_DIRECT_OBJC_ISA_USAGE = YES_ERROR;
				CLANG_WARN_DOCUMENTATION_COMMENTS = YES;
				CLANG_WARN_EMPTY_BODY = YES;
				CLANG_WARN_ENUM_CONVERSION = YES;
				CLANG_WARN_INFINITE_RECURSION = YES;
				CLANG_WARN_INT_CONVERSION = YES;
				CLANG_WARN_NON_LITERAL_NULL_CONVERSION = YES;
				CLANG_WARN_OBJC_IMPLICIT_RETAIN_SELF = YES;
				CLANG_WARN_OBJC_LITERAL_CONVERSION = YES;
				CLANG_WARN_OBJC_ROOT_CLASS = YES_ERROR;
				CLANG_WARN_QUOTED_INCLUDE_IN_FRAMEWORK_HEADER = YES;
				CLANG_WARN_RANGE_LOOP_ANALYSIS = YES;
				CLANG_WARN_STRICT_PROTOTYPES = YES;
				CLANG_WARN_SUSPICIOUS_MOVE = YES;
				CLANG_WARN_UNGUARDED_AVAILABILITY = YES_AGGRESSIVE;
				CLANG_WARN_UNREACHABLE_CODE = YES;
				CLANG_WARN__DUPLICATE_METHOD_MATCH = YES;
				COPY_PHASE_STRIP = NO;
				DEBUG_INFORMATION_FORMAT = dwarf;
				ENABLE_STRICT_OBJC_MSGSEND = YES;
				ENABLE_TESTABILITY = YES;
				GCC_C_LANGUAGE_STANDARD = gnu11;
				GCC_DYNAMIC_NO_PIC = NO;
				GCC_NO_COMMON_BLOCKS = YES;
				GCC_OPTIMIZATION_LEVEL = 0;
				GCC_PREPROCESSOR_DEFINITIONS = (
					"DEBUG=1",
					"$(inherited)",
				);
				GCC_WARN_64_TO_32_BIT_CONVERSION = YES;
				GCC_WARN_ABOUT_RETURN_TYPE = YES_ERROR;
				GCC_WARN_UNDECLARED_SELECTOR = YES;
				GCC_WARN_UNINITIALIZED_AUTOS = YES_AGGRESSIVE;
				GCC_WARN_UNUSED_FUNCTION = YES;
				GCC_WARN_UNUSED_VARIABLE = YES;
				IPHONEOS_DEPLOYMENT_TARGET = 15.2;
				MTL_ENABLE_DEBUG_INFO = INCLUDE_SOURCE;
				MTL_FAST_MATH = YES;
				ONLY_ACTIVE_ARCH = YES;
				SDKROOT = iphoneos;
				SWIFT_ACTIVE_COMPILATION_CONDITIONS = DEBUG;
				SWIFT_OPTIMIZATION_LEVEL = "-Onone";
			};
			name = Debug;
		};
		64433DF227CA7F540073DC50 /* Release */ = {
			isa = XCBuildConfiguration;
			buildSettings = {
				ALWAYS_SEARCH_USER_PATHS = NO;
				CLANG_ANALYZER_NONNULL = YES;
				CLANG_ANALYZER_NUMBER_OBJECT_CONVERSION = YES_AGGRESSIVE;
				CLANG_CXX_LANGUAGE_STANDARD = "gnu++17";
				CLANG_CXX_LIBRARY = "libc++";
				CLANG_ENABLE_MODULES = YES;
				CLANG_ENABLE_OBJC_ARC = YES;
				CLANG_ENABLE_OBJC_WEAK = YES;
				CLANG_WARN_BLOCK_CAPTURE_AUTORELEASING = YES;
				CLANG_WARN_BOOL_CONVERSION = YES;
				CLANG_WARN_COMMA = YES;
				CLANG_WARN_CONSTANT_CONVERSION = YES;
				CLANG_WARN_DEPRECATED_OBJC_IMPLEMENTATIONS = YES;
				CLANG_WARN_DIRECT_OBJC_ISA_USAGE = YES_ERROR;
				CLANG_WARN_DOCUMENTATION_COMMENTS = YES;
				CLANG_WARN_EMPTY_BODY = YES;
				CLANG_WARN_ENUM_CONVERSION = YES;
				CLANG_WARN_INFINITE_RECURSION = YES;
				CLANG_WARN_INT_CONVERSION = YES;
				CLANG_WARN_NON_LITERAL_NULL_CONVERSION = YES;
				CLANG_WARN_OBJC_IMPLICIT_RETAIN_SELF = YES;
				CLANG_WARN_OBJC_LITERAL_CONVERSION = YES;
				CLANG_WARN_OBJC_ROOT_CLASS = YES_ERROR;
				CLANG_WARN_QUOTED_INCLUDE_IN_FRAMEWORK_HEADER = YES;
				CLANG_WARN_RANGE_LOOP_ANALYSIS = YES;
				CLANG_WARN_STRICT_PROTOTYPES = YES;
				CLANG_WARN_SUSPICIOUS_MOVE = YES;
				CLANG_WARN_UNGUARDED_AVAILABILITY = YES_AGGRESSIVE;
				CLANG_WARN_UNREACHABLE_CODE = YES;
				CLANG_WARN__DUPLICATE_METHOD_MATCH = YES;
				COPY_PHASE_STRIP = NO;
				DEBUG_INFORMATION_FORMAT = "dwarf-with-dsym";
				ENABLE_NS_ASSERTIONS = NO;
				ENABLE_STRICT_OBJC_MSGSEND = YES;
				GCC_C_LANGUAGE_STANDARD = gnu11;
				GCC_NO_COMMON_BLOCKS = YES;
				GCC_WARN_64_TO_32_BIT_CONVERSION = YES;
				GCC_WARN_ABOUT_RETURN_TYPE = YES_ERROR;
				GCC_WARN_UNDECLARED_SELECTOR = YES;
				GCC_WARN_UNINITIALIZED_AUTOS = YES_AGGRESSIVE;
				GCC_WARN_UNUSED_FUNCTION = YES;
				GCC_WARN_UNUSED_VARIABLE = YES;
				IPHONEOS_DEPLOYMENT_TARGET = 15.2;
				MTL_ENABLE_DEBUG_INFO = NO;
				MTL_FAST_MATH = YES;
				SDKROOT = iphoneos;
				SWIFT_COMPILATION_MODE = wholemodule;
				SWIFT_OPTIMIZATION_LEVEL = "-O";
				VALIDATE_PRODUCT = YES;
			};
			name = Release;
		};
		64433DF427CA7F540073DC50 /* Debug */ = {
			isa = XCBuildConfiguration;
			buildSettings = {
				ASSETCATALOG_COMPILER_APPICON_NAME = AppIcon;
				ASSETCATALOG_COMPILER_GLOBAL_ACCENT_COLOR_NAME = AccentColor;
				CODE_SIGN_STYLE = Automatic;
				CURRENT_PROJECT_VERSION = 1;
				DEVELOPMENT_TEAM = 3FG7TQNGBP;
				GENERATE_INFOPLIST_FILE = YES;
				INFOPLIST_FILE = WidgetsKullanimi/Info.plist;
				INFOPLIST_KEY_UIApplicationSupportsIndirectInputEvents = YES;
				INFOPLIST_KEY_UILaunchStoryboardName = LaunchScreen;
				INFOPLIST_KEY_UIMainStoryboardFile = Main;
				INFOPLIST_KEY_UISupportedInterfaceOrientations_iPad = "UIInterfaceOrientationPortrait UIInterfaceOrientationPortraitUpsideDown UIInterfaceOrientationLandscapeLeft UIInterfaceOrientationLandscapeRight";
				INFOPLIST_KEY_UISupportedInterfaceOrientations_iPhone = "UIInterfaceOrientationPortrait UIInterfaceOrientationLandscapeLeft UIInterfaceOrientationLandscapeRight";
				LD_RUNPATH_SEARCH_PATHS = (
					"$(inherited)",
					"@executable_path/Frameworks",
				);
				MARKETING_VERSION = 1.0;
				PRODUCT_BUNDLE_IDENTIFIER = com.osmanyesil.WidgetsKullanimi;
				PRODUCT_NAME = "$(TARGET_NAME)";
				SWIFT_EMIT_LOC_STRINGS = YES;
				SWIFT_VERSION = 5.0;
				TARGETED_DEVICE_FAMILY = "1,2";
			};
			name = Debug;
		};
		64433DF527CA7F540073DC50 /* Release */ = {
			isa = XCBuildConfiguration;
			buildSettings = {
				ASSETCATALOG_COMPILER_APPICON_NAME = AppIcon;
				ASSETCATALOG_COMPILER_GLOBAL_ACCENT_COLOR_NAME = AccentColor;
				CODE_SIGN_STYLE = Automatic;
				CURRENT_PROJECT_VERSION = 1;
				DEVELOPMENT_TEAM = 3FG7TQNGBP;
				GENERATE_INFOPLIST_FILE = YES;
				INFOPLIST_FILE = WidgetsKullanimi/Info.plist;
				INFOPLIST_KEY_UIApplicationSupportsIndirectInputEvents = YES;
				INFOPLIST_KEY_UILaunchStoryboardName = LaunchScreen;
				INFOPLIST_KEY_UIMainStoryboardFile = Main;
				INFOPLIST_KEY_UISupportedInterfaceOrientations_iPad = "UIInterfaceOrientationPortrait UIInterfaceOrientationPortraitUpsideDown UIInterfaceOrientationLandscapeLeft UIInterfaceOrientationLandscapeRight";
				INFOPLIST_KEY_UISupportedInterfaceOrientations_iPhone = "UIInterfaceOrientationPortrait UIInterfaceOrientationLandscapeLeft UIInterfaceOrientationLandscapeRight";
				LD_RUNPATH_SEARCH_PATHS = (
					"$(inherited)",
					"@executable_path/Frameworks",
				);
				MARKETING_VERSION = 1.0;
				PRODUCT_BUNDLE_IDENTIFIER = com.osmanyesil.WidgetsKullanimi;
				PRODUCT_NAME = "$(TARGET_NAME)";
				SWIFT_EMIT_LOC_STRINGS = YES;
				SWIFT_VERSION = 5.0;
				TARGETED_DEVICE_FAMILY = "1,2";
			};
			name = Release;
		};
		64433DF727CA7F540073DC50 /* Debug */ = {
			isa = XCBuildConfiguration;
			buildSettings = {
				ALWAYS_EMBED_SWIFT_STANDARD_LIBRARIES = YES;
				BUNDLE_LOADER = "$(TEST_HOST)";
				CODE_SIGN_STYLE = Automatic;
				CURRENT_PROJECT_VERSION = 1;
				DEVELOPMENT_TEAM = 3FG7TQNGBP;
				GENERATE_INFOPLIST_FILE = YES;
				IPHONEOS_DEPLOYMENT_TARGET = 15.2;
				MARKETING_VERSION = 1.0;
				PRODUCT_BUNDLE_IDENTIFIER = com.osmanyesil.WidgetsKullanimiTests;
				PRODUCT_NAME = "$(TARGET_NAME)";
				SWIFT_EMIT_LOC_STRINGS = NO;
				SWIFT_VERSION = 5.0;
				TARGETED_DEVICE_FAMILY = "1,2";
				TEST_HOST = "$(BUILT_PRODUCTS_DIR)/WidgetsKullanimi.app/WidgetsKullanimi";
			};
			name = Debug;
		};
		64433DF827CA7F540073DC50 /* Release */ = {
			isa = XCBuildConfiguration;
			buildSettings = {
				ALWAYS_EMBED_SWIFT_STANDARD_LIBRARIES = YES;
				BUNDLE_LOADER = "$(TEST_HOST)";
				CODE_SIGN_STYLE = Automatic;
				CURRENT_PROJECT_VERSION = 1;
				DEVELOPMENT_TEAM = 3FG7TQNGBP;
				GENERATE_INFOPLIST_FILE = YES;
				IPHONEOS_DEPLOYMENT_TARGET = 15.2;
				MARKETING_VERSION = 1.0;
				PRODUCT_BUNDLE_IDENTIFIER = com.osmanyesil.WidgetsKullanimiTests;
				PRODUCT_NAME = "$(TARGET_NAME)";
				SWIFT_EMIT_LOC_STRINGS = NO;
				SWIFT_VERSION = 5.0;
				TARGETED_DEVICE_FAMILY = "1,2";
				TEST_HOST = "$(BUILT_PRODUCTS_DIR)/WidgetsKullanimi.app/WidgetsKullanimi";
			};
			name = Release;
		};
		64433DFA27CA7F540073DC50 /* Debug */ = {
			isa = XCBuildConfiguration;
			buildSettings = {
				ALWAYS_EMBED_SWIFT_STANDARD_LIBRARIES = YES;
				CODE_SIGN_STYLE = Automatic;
				CURRENT_PROJECT_VERSION = 1;
				DEVELOPMENT_TEAM = 3FG7TQNGBP;
				GENERATE_INFOPLIST_FILE = YES;
				MARKETING_VERSION = 1.0;
				PRODUCT_BUNDLE_IDENTIFIER = com.osmanyesil.WidgetsKullanimiUITests;
				PRODUCT_NAME = "$(TARGET_NAME)";
				SWIFT_EMIT_LOC_STRINGS = NO;
				SWIFT_VERSION = 5.0;
				TARGETED_DEVICE_FAMILY = "1,2";
				TEST_TARGET_NAME = WidgetsKullanimi;
			};
			name = Debug;
		};
		64433DFB27CA7F540073DC50 /* Release */ = {
			isa = XCBuildConfiguration;
			buildSettings = {
				ALWAYS_EMBED_SWIFT_STANDARD_LIBRARIES = YES;
				CODE_SIGN_STYLE = Automatic;
				CURRENT_PROJECT_VERSION = 1;
				DEVELOPMENT_TEAM = 3FG7TQNGBP;
				GENERATE_INFOPLIST_FILE = YES;
				MARKETING_VERSION = 1.0;
				PRODUCT_BUNDLE_IDENTIFIER = com.osmanyesil.WidgetsKullanimiUITests;
				PRODUCT_NAME = "$(TARGET_NAME)";
				SWIFT_EMIT_LOC_STRINGS = NO;
				SWIFT_VERSION = 5.0;
				TARGETED_DEVICE_FAMILY = "1,2";
				TEST_TARGET_NAME = WidgetsKullanimi;
			};
			name = Release;
		};
/* End XCBuildConfiguration section */

/* Begin XCConfigurationList section */
		64433DC427CA7F4F0073DC50 /* Build configuration list for PBXProject "WidgetsKullanimi" */ = {
			isa = XCConfigurationList;
			buildConfigurations = (
				64433DF127CA7F540073DC50 /* Debug */,
				64433DF227CA7F540073DC50 /* Release */,
			);
			defaultConfigurationIsVisible = 0;
			defaultConfigurationName = Release;
		};
		64433DF327CA7F540073DC50 /* Build configuration list for PBXNativeTarget "WidgetsKullanimi" */ = {
			isa = XCConfigurationList;
			buildConfigurations = (
				64433DF427CA7F540073DC50 /* Debug */,
				64433DF527CA7F540073DC50 /* Release */,
			);
			defaultConfigurationIsVisible = 0;
			defaultConfigurationName = Release;
		};
		64433DF627CA7F540073DC50 /* Build configuration list for PBXNativeTarget "WidgetsKullanimiTests" */ = {
			isa = XCConfigurationList;
			buildConfigurations = (
				64433DF727CA7F540073DC50 /* Debug */,
				64433DF827CA7F540073DC50 /* Release */,
			);
			defaultConfigurationIsVisible = 0;
			defaultConfigurationName = Release;
		};
		64433DF927CA7F540073DC50 /* Build configuration list for PBXNativeTarget "WidgetsKullanimiUITests" */ = {
			isa = XCConfigurationList;
			buildConfigurations = (
				64433DFA27CA7F540073DC50 /* Debug */,
				64433DFB27CA7F540073DC50 /* Release */,
			);
			defaultConfigurationIsVisible = 0;
			defaultConfigurationName = Release;
		};
/* End XCConfigurationList section */
	};
	rootObject = 64433DC127CA7F4F0073DC50 /* Project object */;
}
