// !$*UTF8*$!
{
	archiveVersion = 1;
	classes = {
	};
	objectVersion = 55;
	objects = {

/* Begin PBXBuildFile section */
		64433F0227CFD0EE0073DC50 /* AppDelegate.swift in Sources */ = {isa = PBXBuildFile; fileRef = 64433F0127CFD0EE0073DC50 /* AppDelegate.swift */; };
		64433F0427CFD0EE0073DC50 /* SceneDelegate.swift in Sources */ = {isa = PBXBuildFile; fileRef = 64433F0327CFD0EE0073DC50 /* SceneDelegate.swift */; };
		64433F0627CFD0EE0073DC50 /* ViewController.swift in Sources */ = {isa = PBXBuildFile; fileRef = 64433F0527CFD0EE0073DC50 /* ViewController.swift */; };
		64433F0927CFD0EE0073DC50 /* Main.storyboard in Resources */ = {isa = PBXBuildFile; fileRef = 64433F0727CFD0EE0073DC50 /* Main.storyboard */; };
		64433F0B27CFD0F60073DC50 /* Assets.xcassets in Resources */ = {isa = PBXBuildFile; fileRef = 64433F0A27CFD0F60073DC50 /* Assets.xcassets */; };
		64433F0E27CFD0F60073DC50 /* LaunchScreen.storyboard in Resources */ = {isa = PBXBuildFile; fileRef = 64433F0C27CFD0F60073DC50 /* LaunchScreen.storyboard */; };
		64433F1927CFD0F70073DC50 /* KisilerUygulamasiTests.swift in Sources */ = {isa = PBXBuildFile; fileRef = 64433F1827CFD0F70073DC50 /* KisilerUygulamasiTests.swift */; };
		64433F2327CFD0F80073DC50 /* KisilerUygulamasiUITests.swift in Sources */ = {isa = PBXBuildFile; fileRef = 64433F2227CFD0F80073DC50 /* KisilerUygulamasiUITests.swift */; };
		64433F2527CFD0F80073DC50 /* KisilerUygulamasiUITestsLaunchTests.swift in Sources */ = {isa = PBXBuildFile; fileRef = 64433F2427CFD0F80073DC50 /* KisilerUygulamasiUITestsLaunchTests.swift */; };
		64433F3227CFD1280073DC50 /* KisiKayitVC.swift in Sources */ = {isa = PBXBuildFile; fileRef = 64433F3127CFD1280073DC50 /* KisiKayitVC.swift */; };
		64433F3427CFD1510073DC50 /* KisiDetayVC.swift in Sources */ = {isa = PBXBuildFile; fileRef = 64433F3327CFD1510073DC50 /* KisiDetayVC.swift */; };
		64433F3627CFDBEB0073DC50 /* Kisiler.swift in Sources */ = {isa = PBXBuildFile; fileRef = 64433F3527CFDBEB0073DC50 /* Kisiler.swift */; };
		645C68E927D3C4F600E45BE8 /* TableViewHucre.swift in Sources */ = {isa = PBXBuildFile; fileRef = 645C68E827D3C4F600E45BE8 /* TableViewHucre.swift */; };
/* End PBXBuildFile section */

/* Begin PBXContainerItemProxy section */
		64433F1527CFD0F70073DC50 /* PBXContainerItemProxy */ = {
			isa = PBXContainerItemProxy;
			containerPortal = 64433EF627CFD0ED0073DC50 /* Project object */;
			proxyType = 1;
			remoteGlobalIDString = 64433EFD27CFD0ED0073DC50;
			remoteInfo = KisilerUygulamasi;
		};
		64433F1F27CFD0F80073DC50 /* PBXContainerItemProxy */ = {
			isa = PBXContainerItemProxy;
			containerPortal = 64433EF627CFD0ED0073DC50 /* Project object */;
			proxyType = 1;
			remoteGlobalIDString = 64433EFD27CFD0ED0073DC50;
			remoteInfo = KisilerUygulamasi;
		};
/* End PBXContainerItemProxy section */

/* Begin PBXFileReference section */
		64433EFE27CFD0ED0073DC50 /* KisilerUygulamasi.app */ = {isa = PBXFileReference; explicitFileType = wrapper.application; includeInIndex = 0; path = KisilerUygulamasi.app; sourceTree = BUILT_PRODUCTS_DIR; };
		64433F0127CFD0EE0073DC50 /* AppDelegate.swift */ = {isa = PBXFileReference; lastKnownFileType = sourcecode.swift; path = AppDelegate.swift; sourceTree = "<group>"; };
		64433F0327CFD0EE0073DC50 /* SceneDelegate.swift */ = {isa = PBXFileReference; lastKnownFileType = sourcecode.swift; path = SceneDelegate.swift; sourceTree = "<group>"; };
		64433F0527CFD0EE0073DC50 /* ViewController.swift */ = {isa = PBXFileReference; lastKnownFileType = sourcecode.swift; path = ViewController.swift; sourceTree = "<group>"; };
		64433F0827CFD0EE0073DC50 /* Base */ = {isa = PBXFileReference; lastKnownFileType = file.storyboard; name = Base; path = Base.lproj/Main.storyboard; sourceTree = "<group>"; };
		64433F0A27CFD0F60073DC50 /* Assets.xcassets */ = {isa = PBXFileReference; lastKnownFileType = folder.assetcatalog; path = Assets.xcassets; sourceTree = "<group>"; };
		64433F0D27CFD0F60073DC50 /* Base */ = {isa = PBXFileReference; lastKnownFileType = file.storyboard; name = Base; path = Base.lproj/LaunchScreen.storyboard; sourceTree = "<group>"; };
		64433F0F27CFD0F60073DC50 /* Info.plist */ = {isa = PBXFileReference; lastKnownFileType = text.plist.xml; path = Info.plist; sourceTree = "<group>"; };
		64433F1427CFD0F70073DC50 /* KisilerUygulamasiTests.xctest */ = {isa = PBXFileReference; explicitFileType = wrapper.cfbundle; includeInIndex = 0; path = KisilerUygulamasiTests.xctest; sourceTree = BUILT_PRODUCTS_DIR; };
		64433F1827CFD0F70073DC50 /* KisilerUygulamasiTests.swift */ = {isa = PBXFileReference; lastKnownFileType = sourcecode.swift; path = KisilerUygulamasiTests.swift; sourceTree = "<group>"; };
		64433F1E27CFD0F80073DC50 /* KisilerUygulamasiUITests.xctest */ = {isa = PBXFileReference; explicitFileType = wrapper.cfbundle; includeInIndex = 0; path = KisilerUygulamasiUITests.xctest; sourceTree = BUILT_PRODUCTS_DIR; };
		64433F2227CFD0F80073DC50 /* KisilerUygulamasiUITests.swift */ = {isa = PBXFileReference; lastKnownFileType = sourcecode.swift; path = KisilerUygulamasiUITests.swift; sourceTree = "<group>"; };
		64433F2427CFD0F80073DC50 /* KisilerUygulamasiUITestsLaunchTests.swift */ = {isa = PBXFileReference; lastKnownFileType = sourcecode.swift; path = KisilerUygulamasiUITestsLaunchTests.swift; sourceTree = "<group>"; };
		64433F3127CFD1280073DC50 /* KisiKayitVC.swift */ = {isa = PBXFileReference; lastKnownFileType = sourcecode.swift; path = KisiKayitVC.swift; sourceTree = "<group>"; };
		64433F3327CFD1510073DC50 /* KisiDetayVC.swift */ = {isa = PBXFileReference; lastKnownFileType = sourcecode.swift; path = KisiDetayVC.swift; sourceTree = "<group>"; };
		64433F3527CFDBEB0073DC50 /* Kisiler.swift */ = {isa = PBXFileReference; lastKnownFileType = sourcecode.swift; path = Kisiler.swift; sourceTree = "<group>"; };
		645C68E827D3C4F600E45BE8 /* TableViewHucre.swift */ = {isa = PBXFileReference; lastKnownFileType = sourcecode.swift; path = TableViewHucre.swift; sourceTree = "<group>"; };
/* End PBXFileReference section */

/* Begin PBXFrameworksBuildPhase section */
		64433EFB27CFD0ED0073DC50 /* Frameworks */ = {
			isa = PBXFrameworksBuildPhase;
			buildActionMask = 2147483647;
			files = (
			);
			runOnlyForDeploymentPostprocessing = 0;
		};
		64433F1127CFD0F70073DC50 /* Frameworks */ = {
			isa = PBXFrameworksBuildPhase;
			buildActionMask = 2147483647;
			files = (
			);
			runOnlyForDeploymentPostprocessing = 0;
		};
		64433F1B27CFD0F80073DC50 /* Frameworks */ = {
			isa = PBXFrameworksBuildPhase;
			buildActionMask = 2147483647;
			files = (
			);
			runOnlyForDeploymentPostprocessing = 0;
		};
/* End PBXFrameworksBuildPhase section */

/* Begin PBXGroup section */
		64433EF527CFD0ED0073DC50 = {
			isa = PBXGroup;
			children = (
				64433F0027CFD0EE0073DC50 /* KisilerUygulamasi */,
				64433F1727CFD0F70073DC50 /* KisilerUygulamasiTests */,
				64433F2127CFD0F80073DC50 /* KisilerUygulamasiUITests */,
				64433EFF27CFD0ED0073DC50 /* Products */,
			);
			sourceTree = "<group>";
		};
		64433EFF27CFD0ED0073DC50 /* Products */ = {
			isa = PBXGroup;
			children = (
				64433EFE27CFD0ED0073DC50 /* KisilerUygulamasi.app */,
				64433F1427CFD0F70073DC50 /* KisilerUygulamasiTests.xctest */,
				64433F1E27CFD0F80073DC50 /* KisilerUygulamasiUITests.xctest */,
			);
			name = Products;
			sourceTree = "<group>";
		};
		64433F0027CFD0EE0073DC50 /* KisilerUygulamasi */ = {
			isa = PBXGroup;
			children = (
				64433F0127CFD0EE0073DC50 /* AppDelegate.swift */,
				64433F0327CFD0EE0073DC50 /* SceneDelegate.swift */,
				64433F0527CFD0EE0073DC50 /* ViewController.swift */,
				64433F0727CFD0EE0073DC50 /* Main.storyboard */,
				645C68E827D3C4F600E45BE8 /* TableViewHucre.swift */,
				64433F3127CFD1280073DC50 /* KisiKayitVC.swift */,
				64433F3327CFD1510073DC50 /* KisiDetayVC.swift */,
				64433F3527CFDBEB0073DC50 /* Kisiler.swift */,
				64433F0A27CFD0F60073DC50 /* Assets.xcassets */,
				64433F0C27CFD0F60073DC50 /* LaunchScreen.storyboard */,
				64433F0F27CFD0F60073DC50 /* Info.plist */,
			);
			path = KisilerUygulamasi;
			sourceTree = "<group>";
		};
		64433F1727CFD0F70073DC50 /* KisilerUygulamasiTests */ = {
			isa = PBXGroup;
			children = (
				64433F1827CFD0F70073DC50 /* KisilerUygulamasiTests.swift */,
			);
			path = KisilerUygulamasiTests;
			sourceTree = "<group>";
		};
		64433F2127CFD0F80073DC50 /* KisilerUygulamasiUITests */ = {
			isa = PBXGroup;
			children = (
				64433F2227CFD0F80073DC50 /* KisilerUygulamasiUITests.swift */,
				64433F2427CFD0F80073DC50 /* KisilerUygulamasiUITestsLaunchTests.swift */,
			);
			path = KisilerUygulamasiUITests;
			sourceTree = "<group>";
		};
/* End PBXGroup section */

/* Begin PBXNativeTarget section */
		64433EFD27CFD0ED0073DC50 /* KisilerUygulamasi */ = {
			isa = PBXNativeTarget;
			buildConfigurationList = 64433F2827CFD0F80073DC50 /* Build configuration list for PBXNativeTarget "KisilerUygulamasi" */;
			buildPhases = (
				64433EFA27CFD0ED0073DC50 /* Sources */,
				64433EFB27CFD0ED0073DC50 /* Frameworks */,
				64433EFC27CFD0ED0073DC50 /* Resources */,
			);
			buildRules = (
			);
			dependencies = (
			);
			name = KisilerUygulamasi;
			productName = KisilerUygulamasi;
			productReference = 64433EFE27CFD0ED0073DC50 /* KisilerUygulamasi.app */;
			productType = "com.apple.product-type.application";
		};
		64433F1327CFD0F70073DC50 /* KisilerUygulamasiTests */ = {
			isa = PBXNativeTarget;
			buildConfigurationList = 64433F2B27CFD0F80073DC50 /* Build configuration list for PBXNativeTarget "KisilerUygulamasiTests" */;
			buildPhases = (
				64433F1027CFD0F70073DC50 /* Sources */,
				64433F1127CFD0F70073DC50 /* Frameworks */,
				64433F1227CFD0F70073DC50 /* Resources */,
			);
			buildRules = (
			);
			dependencies = (
				64433F1627CFD0F70073DC50 /* PBXTargetDependency */,
			);
			name = KisilerUygulamasiTests;
			productName = KisilerUygulamasiTests;
			productReference = 64433F1427CFD0F70073DC50 /* KisilerUygulamasiTests.xctest */;
			productType = "com.apple.product-type.bundle.unit-test";
		};
		64433F1D27CFD0F80073DC50 /* KisilerUygulamasiUITests */ = {
			isa = PBXNativeTarget;
			buildConfigurationList = 64433F2E27CFD0F80073DC50 /* Build configuration list for PBXNativeTarget "KisilerUygulamasiUITests" */;
			buildPhases = (
				64433F1A27CFD0F80073DC50 /* Sources */,
				64433F1B27CFD0F80073DC50 /* Frameworks */,
				64433F1C27CFD0F80073DC50 /* Resources */,
			);
			buildRules = (
			);
			dependencies = (
				64433F2027CFD0F80073DC50 /* PBXTargetDependency */,
			);
			name = KisilerUygulamasiUITests;
			productName = KisilerUygulamasiUITests;
			productReference = 64433F1E27CFD0F80073DC50 /* KisilerUygulamasiUITests.xctest */;
			productType = "com.apple.product-type.bundle.ui-testing";
		};
/* End PBXNativeTarget section */

/* Begin PBXProject section */
		64433EF627CFD0ED0073DC50 /* Project object */ = {
			isa = PBXProject;
			attributes = {
				BuildIndependentTargetsInParallel = 1;
				LastSwiftUpdateCheck = 1320;
				LastUpgradeCheck = 1320;
				TargetAttributes = {
					64433EFD27CFD0ED0073DC50 = {
						CreatedOnToolsVersion = 13.2.1;
					};
					64433F1327CFD0F70073DC50 = {
						CreatedOnToolsVersion = 13.2.1;
						TestTargetID = 64433EFD27CFD0ED0073DC50;
					};
					64433F1D27CFD0F80073DC50 = {
						CreatedOnToolsVersion = 13.2.1;
						TestTargetID = 64433EFD27CFD0ED0073DC50;
					};
				};
			};
			buildConfigurationList = 64433EF927CFD0ED0073DC50 /* Build configuration list for PBXProject "KisilerUygulamasi" */;
			compatibilityVersion = "Xcode 13.0";
			developmentRegion = en;
			hasScannedForEncodings = 0;
			knownRegions = (
				en,
				Base,
			);
			mainGroup = 64433EF527CFD0ED0073DC50;
			productRefGroup = 64433EFF27CFD0ED0073DC50 /* Products */;
			projectDirPath = "";
			projectRoot = "";
			targets = (
				64433EFD27CFD0ED0073DC50 /* KisilerUygulamasi */,
				64433F1327CFD0F70073DC50 /* KisilerUygulamasiTests */,
				64433F1D27CFD0F80073DC50 /* KisilerUygulamasiUITests */,
			);
		};
/* End PBXProject section */

/* Begin PBXResourcesBuildPhase section */
		64433EFC27CFD0ED0073DC50 /* Resources */ = {
			isa = PBXResourcesBuildPhase;
			buildActionMask = 2147483647;
			files = (
				64433F0E27CFD0F60073DC50 /* LaunchScreen.storyboard in Resources */,
				64433F0B27CFD0F60073DC50 /* Assets.xcassets in Resources */,
				64433F0927CFD0EE0073DC50 /* Main.storyboard in Resources */,
			);
			runOnlyForDeploymentPostprocessing = 0;
		};
		64433F1227CFD0F70073DC50 /* Resources */ = {
			isa = PBXResourcesBuildPhase;
			buildActionMask = 2147483647;
			files = (
			);
			runOnlyForDeploymentPostprocessing = 0;
		};
		64433F1C27CFD0F80073DC50 /* Resources */ = {
			isa = PBXResourcesBuildPhase;
			buildActionMask = 2147483647;
			files = (
			);
			runOnlyForDeploymentPostprocessing = 0;
		};
/* End PBXResourcesBuildPhase section */

/* Begin PBXSourcesBuildPhase section */
		64433EFA27CFD0ED0073DC50 /* Sources */ = {
			isa = PBXSourcesBuildPhase;
			buildActionMask = 2147483647;
			files = (
				64433F3427CFD1510073DC50 /* KisiDetayVC.swift in Sources */,
				64433F0627CFD0EE0073DC50 /* ViewController.swift in Sources */,
				64433F0227CFD0EE0073DC50 /* AppDelegate.swift in Sources */,
				645C68E927D3C4F600E45BE8 /* TableViewHucre.swift in Sources */,
				64433F0427CFD0EE0073DC50 /* SceneDelegate.swift in Sources */,
				64433F3227CFD1280073DC50 /* KisiKayitVC.swift in Sources */,
				64433F3627CFDBEB0073DC50 /* Kisiler.swift in Sources */,
			);
			runOnlyForDeploymentPostprocessing = 0;
		};
		64433F1027CFD0F70073DC50 /* Sources */ = {
			isa = PBXSourcesBuildPhase;
			buildActionMask = 2147483647;
			files = (
				64433F1927CFD0F70073DC50 /* KisilerUygulamasiTests.swift in Sources */,
			);
			runOnlyForDeploymentPostprocessing = 0;
		};
		64433F1A27CFD0F80073DC50 /* Sources */ = {
			isa = PBXSourcesBuildPhase;
			buildActionMask = 2147483647;
			files = (
				64433F2327CFD0F80073DC50 /* KisilerUygulamasiUITests.swift in Sources */,
				64433F2527CFD0F80073DC50 /* KisilerUygulamasiUITestsLaunchTests.swift in Sources */,
			);
			runOnlyForDeploymentPostprocessing = 0;
		};
/* End PBXSourcesBuildPhase section */

/* Begin PBXTargetDependency section */
		64433F1627CFD0F70073DC50 /* PBXTargetDependency */ = {
			isa = PBXTargetDependency;
			target = 64433EFD27CFD0ED0073DC50 /* KisilerUygulamasi */;
			targetProxy = 64433F1527CFD0F70073DC50 /* PBXContainerItemProxy */;
		};
		64433F2027CFD0F80073DC50 /* PBXTargetDependency */ = {
			isa = PBXTargetDependency;
			target = 64433EFD27CFD0ED0073DC50 /* KisilerUygulamasi */;
			targetProxy = 64433F1F27CFD0F80073DC50 /* PBXContainerItemProxy */;
		};
/* End PBXTargetDependency section */

/* Begin PBXVariantGroup section */
		64433F0727CFD0EE0073DC50 /* Main.storyboard */ = {
			isa = PBXVariantGroup;
			children = (
				64433F0827CFD0EE0073DC50 /* Base */,
			);
			name = Main.storyboard;
			sourceTree = "<group>";
		};
		64433F0C27CFD0F60073DC50 /* LaunchScreen.storyboard */ = {
			isa = PBXVariantGroup;
			children = (
				64433F0D27CFD0F60073DC50 /* Base */,
			);
			name = LaunchScreen.storyboard;
			sourceTree = "<group>";
		};
/* End PBXVariantGroup section */

/* Begin XCBuildConfiguration section */
		64433F2627CFD0F80073DC50 /* Debug */ = {
			isa = XCBuildConfiguration;
			buildSettings = {
				ALWAYS_SEARCH_USER_PATHS = NO;
				CLANG_ANALYZER_NONNULL = YES;
				CLANG_ANALYZER_NUMBER_OBJECT_CONVERSION = YES_AGGRESSIVE;
				CLANG_CXX_LANGUAGE_STANDARD = "gnu++17";
				CLANG_CXX_LIBRARY = "libc++";
				CLANG_ENABLE_MODULES = YES;
				CLANG_ENABLE_OBJC_ARC = YES;
				CLANG_ENABLE_OBJC_WEAK = YES;
				CLANG_WARN_BLOCK_CAPTURE_AUTORELEASING = YES;
				CLANG_WARN_BOOL_CONVERSION = YES;
				CLANG_WARN_COMMA = YES;
				CLANG_WARN_CONSTANT_CONVERSION = YES;
				CLANG_WARN_DEPRECATED_OBJC_IMPLEMENTATIONS = YES;
				CLANG_WARN_DIRECT_OBJC_ISA_USAGE = YES_ERROR;
				CLANG_WARN_DOCUMENTATION_COMMENTS = YES;
				CLANG_WARN_EMPTY_BODY = YES;
				CLANG_WARN_ENUM_CONVERSION = YES;
				CLANG_WARN_INFINITE_RECURSION = YES;
				CLANG_WARN_INT_CONVERSION = YES;
				CLANG_WARN_NON_LITERAL_NULL_CONVERSION = YES;
				CLANG_WARN_OBJC_IMPLICIT_RETAIN_SELF = YES;
				CLANG_WARN_OBJC_LITERAL_CONVERSION = YES;
				CLANG_WARN_OBJC_ROOT_CLASS = YES_ERROR;
				CLANG_WARN_QUOTED_INCLUDE_IN_FRAMEWORK_HEADER = YES;
				CLANG_WARN_RANGE_LOOP_ANALYSIS = YES;
				CLANG_WARN_STRICT_PROTOTYPES = YES;
				CLANG_WARN_SUSPICIOUS_MOVE = YES;
				CLANG_WARN_UNGUARDED_AVAILABILITY = YES_AGGRESSIVE;
				CLANG_WARN_UNREACHABLE_CODE = YES;
				CLANG_WARN__DUPLICATE_METHOD_MATCH = YES;
				COPY_PHASE_STRIP = NO;
				DEBUG_INFORMATION_FORMAT = dwarf;
				ENABLE_STRICT_OBJC_MSGSEND = YES;
				ENABLE_TESTABILITY = YES;
				GCC_C_LANGUAGE_STANDARD = gnu11;
				GCC_DYNAMIC_NO_PIC = NO;
				GCC_NO_COMMON_BLOCKS = YES;
				GCC_OPTIMIZATION_LEVEL = 0;
				GCC_PREPROCESSOR_DEFINITIONS = (
					"DEBUG=1",
					"$(inherited)",
				);
				GCC_WARN_64_TO_32_BIT_CONVERSION = YES;
				GCC_WARN_ABOUT_RETURN_TYPE = YES_ERROR;
				GCC_WARN_UNDECLARED_SELECTOR = YES;
				GCC_WARN_UNINITIALIZED_AUTOS = YES_AGGRESSIVE;
				GCC_WARN_UNUSED_FUNCTION = YES;
				GCC_WARN_UNUSED_VARIABLE = YES;
				IPHONEOS_DEPLOYMENT_TARGET = 15.2;
				MTL_ENABLE_DEBUG_INFO = INCLUDE_SOURCE;
				MTL_FAST_MATH = YES;
				ONLY_ACTIVE_ARCH = YES;
				SDKROOT = iphoneos;
				SWIFT_ACTIVE_COMPILATION_CONDITIONS = DEBUG;
				SWIFT_OPTIMIZATION_LEVEL = "-Onone";
			};
			name = Debug;
		};
		64433F2727CFD0F80073DC50 /* Release */ = {
			isa = XCBuildConfiguration;
			buildSettings = {
				ALWAYS_SEARCH_USER_PATHS = NO;
				CLANG_ANALYZER_NONNULL = YES;
				CLANG_ANALYZER_NUMBER_OBJECT_CONVERSION = YES_AGGRESSIVE;
				CLANG_CXX_LANGUAGE_STANDARD = "gnu++17";
				CLANG_CXX_LIBRARY = "libc++";
				CLANG_ENABLE_MODULES = YES;
				CLANG_ENABLE_OBJC_ARC = YES;
				CLANG_ENABLE_OBJC_WEAK = YES;
				CLANG_WARN_BLOCK_CAPTURE_AUTORELEASING = YES;
				CLANG_WARN_BOOL_CONVERSION = YES;
				CLANG_WARN_COMMA = YES;
				CLANG_WARN_CONSTANT_CONVERSION = YES;
				CLANG_WARN_DEPRECATED_OBJC_IMPLEMENTATIONS = YES;
				CLANG_WARN_DIRECT_OBJC_ISA_USAGE = YES_ERROR;
				CLANG_WARN_DOCUMENTATION_COMMENTS = YES;
				CLANG_WARN_EMPTY_BODY = YES;
				CLANG_WARN_ENUM_CONVERSION = YES;
				CLANG_WARN_INFINITE_RECURSION = YES;
				CLANG_WARN_INT_CONVERSION = YES;
				CLANG_WARN_NON_LITERAL_NULL_CONVERSION = YES;
				CLANG_WARN_OBJC_IMPLICIT_RETAIN_SELF = YES;
				CLANG_WARN_OBJC_LITERAL_CONVERSION = YES;
				CLANG_WARN_OBJC_ROOT_CLASS = YES_ERROR;
				CLANG_WARN_QUOTED_INCLUDE_IN_FRAMEWORK_HEADER = YES;
				CLANG_WARN_RANGE_LOOP_ANALYSIS = YES;
				CLANG_WARN_STRICT_PROTOTYPES = YES;
				CLANG_WARN_SUSPICIOUS_MOVE = YES;
				CLANG_WARN_UNGUARDED_AVAILABILITY = YES_AGGRESSIVE;
				CLANG_WARN_UNREACHABLE_CODE = YES;
				CLANG_WARN__DUPLICATE_METHOD_MATCH = YES;
				COPY_PHASE_STRIP = NO;
				DEBUG_INFORMATION_FORMAT = "dwarf-with-dsym";
				ENABLE_NS_ASSERTIONS = NO;
				ENABLE_STRICT_OBJC_MSGSEND = YES;
				GCC_C_LANGUAGE_STANDARD = gnu11;
				GCC_NO_COMMON_BLOCKS = YES;
				GCC_WARN_64_TO_32_BIT_CONVERSION = YES;
				GCC_WARN_ABOUT_RETURN_TYPE = YES_ERROR;
				GCC_WARN_UNDECLARED_SELECTOR = YES;
				GCC_WARN_UNINITIALIZED_AUTOS = YES_AGGRESSIVE;
				GCC_WARN_UNUSED_FUNCTION = YES;
				GCC_WARN_UNUSED_VARIABLE = YES;
				IPHONEOS_DEPLOYMENT_TARGET = 15.2;
				MTL_ENABLE_DEBUG_INFO = NO;
				MTL_FAST_MATH = YES;
				SDKROOT = iphoneos;
				SWIFT_COMPILATION_MODE = wholemodule;
				SWIFT_OPTIMIZATION_LEVEL = "-O";
				VALIDATE_PRODUCT = YES;
			};
			name = Release;
		};
		64433F2927CFD0F80073DC50 /* Debug */ = {
			isa = XCBuildConfiguration;
			buildSettings = {
				ASSETCATALOG_COMPILER_APPICON_NAME = AppIcon;
				ASSETCATALOG_COMPILER_GLOBAL_ACCENT_COLOR_NAME = AccentColor;
				CODE_SIGN_STYLE = Automatic;
				CURRENT_PROJECT_VERSION = 1;
				DEVELOPMENT_TEAM = 3FG7TQNGBP;
				GENERATE_INFOPLIST_FILE = YES;
				INFOPLIST_FILE = KisilerUygulamasi/Info.plist;
				INFOPLIST_KEY_UIApplicationSupportsIndirectInputEvents = YES;
				INFOPLIST_KEY_UILaunchStoryboardName = LaunchScreen;
				INFOPLIST_KEY_UIMainStoryboardFile = Main;
				INFOPLIST_KEY_UISupportedInterfaceOrientations_iPad = "UIInterfaceOrientationPortrait UIInterfaceOrientationPortraitUpsideDown UIInterfaceOrientationLandscapeLeft UIInterfaceOrientationLandscapeRight";
				INFOPLIST_KEY_UISupportedInterfaceOrientations_iPhone = "UIInterfaceOrientationPortrait UIInterfaceOrientationLandscapeLeft UIInterfaceOrientationLandscapeRight";
				LD_RUNPATH_SEARCH_PATHS = (
					"$(inherited)",
					"@executable_path/Frameworks",
				);
				MARKETING_VERSION = 1.0;
				PRODUCT_BUNDLE_IDENTIFIER = com.osmanyesil.KisilerUygulamasi;
				PRODUCT_NAME = "$(TARGET_NAME)";
				SWIFT_EMIT_LOC_STRINGS = YES;
				SWIFT_VERSION = 5.0;
				TARGETED_DEVICE_FAMILY = "1,2";
			};
			name = Debug;
		};
		64433F2A27CFD0F80073DC50 /* Release */ = {
			isa = XCBuildConfiguration;
			buildSettings = {
				ASSETCATALOG_COMPILER_APPICON_NAME = AppIcon;
				ASSETCATALOG_COMPILER_GLOBAL_ACCENT_COLOR_NAME = AccentColor;
				CODE_SIGN_STYLE = Automatic;
				CURRENT_PROJECT_VERSION = 1;
				DEVELOPMENT_TEAM = 3FG7TQNGBP;
				GENERATE_INFOPLIST_FILE = YES;
				INFOPLIST_FILE = KisilerUygulamasi/Info.plist;
				INFOPLIST_KEY_UIApplicationSupportsIndirectInputEvents = YES;
				INFOPLIST_KEY_UILaunchStoryboardName = LaunchScreen;
				INFOPLIST_KEY_UIMainStoryboardFile = Main;
				INFOPLIST_KEY_UISupportedInterfaceOrientations_iPad = "UIInterfaceOrientationPortrait UIInterfaceOrientationPortraitUpsideDown UIInterfaceOrientationLandscapeLeft UIInterfaceOrientationLandscapeRight";
				INFOPLIST_KEY_UISupportedInterfaceOrientations_iPhone = "UIInterfaceOrientationPortrait UIInterfaceOrientationLandscapeLeft UIInterfaceOrientationLandscapeRight";
				LD_RUNPATH_SEARCH_PATHS = (
					"$(inherited)",
					"@executable_path/Frameworks",
				);
				MARKETING_VERSION = 1.0;
				PRODUCT_BUNDLE_IDENTIFIER = com.osmanyesil.KisilerUygulamasi;
				PRODUCT_NAME = "$(TARGET_NAME)";
				SWIFT_EMIT_LOC_STRINGS = YES;
				SWIFT_VERSION = 5.0;
				TARGETED_DEVICE_FAMILY = "1,2";
			};
			name = Release;
		};
		64433F2C27CFD0F80073DC50 /* Debug */ = {
			isa = XCBuildConfiguration;
			buildSettings = {
				ALWAYS_EMBED_SWIFT_STANDARD_LIBRARIES = YES;
				BUNDLE_LOADER = "$(TEST_HOST)";
				CODE_SIGN_STYLE = Automatic;
				CURRENT_PROJECT_VERSION = 1;
				DEVELOPMENT_TEAM = 3FG7TQNGBP;
				GENERATE_INFOPLIST_FILE = YES;
				IPHONEOS_DEPLOYMENT_TARGET = 15.2;
				MARKETING_VERSION = 1.0;
				PRODUCT_BUNDLE_IDENTIFIER = com.osmanyesil.KisilerUygulamasiTests;
				PRODUCT_NAME = "$(TARGET_NAME)";
				SWIFT_EMIT_LOC_STRINGS = NO;
				SWIFT_VERSION = 5.0;
				TARGETED_DEVICE_FAMILY = "1,2";
				TEST_HOST = "$(BUILT_PRODUCTS_DIR)/KisilerUygulamasi.app/KisilerUygulamasi";
			};
			name = Debug;
		};
		64433F2D27CFD0F80073DC50 /* Release */ = {
			isa = XCBuildConfiguration;
			buildSettings = {
				ALWAYS_EMBED_SWIFT_STANDARD_LIBRARIES = YES;
				BUNDLE_LOADER = "$(TEST_HOST)";
				CODE_SIGN_STYLE = Automatic;
				CURRENT_PROJECT_VERSION = 1;
				DEVELOPMENT_TEAM = 3FG7TQNGBP;
				GENERATE_INFOPLIST_FILE = YES;
				IPHONEOS_DEPLOYMENT_TARGET = 15.2;
				MARKETING_VERSION = 1.0;
				PRODUCT_BUNDLE_IDENTIFIER = com.osmanyesil.KisilerUygulamasiTests;
				PRODUCT_NAME = "$(TARGET_NAME)";
				SWIFT_EMIT_LOC_STRINGS = NO;
				SWIFT_VERSION = 5.0;
				TARGETED_DEVICE_FAMILY = "1,2";
				TEST_HOST = "$(BUILT_PRODUCTS_DIR)/KisilerUygulamasi.app/KisilerUygulamasi";
			};
			name = Release;
		};
		64433F2F27CFD0F80073DC50 /* Debug */ = {
			isa = XCBuildConfiguration;
			buildSettings = {
				ALWAYS_EMBED_SWIFT_STANDARD_LIBRARIES = YES;
				CODE_SIGN_STYLE = Automatic;
				CURRENT_PROJECT_VERSION = 1;
				DEVELOPMENT_TEAM = 3FG7TQNGBP;
				GENERATE_INFOPLIST_FILE = YES;
				MARKETING_VERSION = 1.0;
				PRODUCT_BUNDLE_IDENTIFIER = com.osmanyesil.KisilerUygulamasiUITests;
				PRODUCT_NAME = "$(TARGET_NAME)";
				SWIFT_EMIT_LOC_STRINGS = NO;
				SWIFT_VERSION = 5.0;
				TARGETED_DEVICE_FAMILY = "1,2";
				TEST_TARGET_NAME = KisilerUygulamasi;
			};
			name = Debug;
		};
		64433F3027CFD0F80073DC50 /* Release */ = {
			isa = XCBuildConfiguration;
			buildSettings = {
				ALWAYS_EMBED_SWIFT_STANDARD_LIBRARIES = YES;
				CODE_SIGN_STYLE = Automatic;
				CURRENT_PROJECT_VERSION = 1;
				DEVELOPMENT_TEAM = 3FG7TQNGBP;
				GENERATE_INFOPLIST_FILE = YES;
				MARKETING_VERSION = 1.0;
				PRODUCT_BUNDLE_IDENTIFIER = com.osmanyesil.KisilerUygulamasiUITests;
				PRODUCT_NAME = "$(TARGET_NAME)";
				SWIFT_EMIT_LOC_STRINGS = NO;
				SWIFT_VERSION = 5.0;
				TARGETED_DEVICE_FAMILY = "1,2";
				TEST_TARGET_NAME = KisilerUygulamasi;
			};
			name = Release;
		};
/* End XCBuildConfiguration section */

/* Begin XCConfigurationList section */
		64433EF927CFD0ED0073DC50 /* Build configuration list for PBXProject "KisilerUygulamasi" */ = {
			isa = XCConfigurationList;
			buildConfigurations = (
				64433F2627CFD0F80073DC50 /* Debug */,
				64433F2727CFD0F80073DC50 /* Release */,
			);
			defaultConfigurationIsVisible = 0;
			defaultConfigurationName = Release;
		};
		64433F2827CFD0F80073DC50 /* Build configuration list for PBXNativeTarget "KisilerUygulamasi" */ = {
			isa = XCConfigurationList;
			buildConfigurations = (
				64433F2927CFD0F80073DC50 /* Debug */,
				64433F2A27CFD0F80073DC50 /* Release */,
			);
			defaultConfigurationIsVisible = 0;
			defaultConfigurationName = Release;
		};
		64433F2B27CFD0F80073DC50 /* Build configuration list for PBXNativeTarget "KisilerUygulamasiTests" */ = {
			isa = XCConfigurationList;
			buildConfigurations = (
				64433F2C27CFD0F80073DC50 /* Debug */,
				64433F2D27CFD0F80073DC50 /* Release */,
			);
			defaultConfigurationIsVisible = 0;
			defaultConfigurationName = Release;
		};
		64433F2E27CFD0F80073DC50 /* Build configuration list for PBXNativeTarget "KisilerUygulamasiUITests" */ = {
			isa = XCConfigurationList;
			buildConfigurations = (
				64433F2F27CFD0F80073DC50 /* Debug */,
				64433F3027CFD0F80073DC50 /* Release */,
			);
			defaultConfigurationIsVisible = 0;
			defaultConfigurationName = Release;
		};
/* End XCConfigurationList section */
	};
	rootObject = 64433EF627CFD0ED0073DC50 /* Project object */;
}
