// !$*UTF8*$!
{
	archiveVersion = 1;
	classes = {
	};
	objectVersion = 55;
	objects = {

/* Begin PBXBuildFile section */
		64433F4427CFE3210073DC50 /* AppDelegate.swift in Sources */ = {isa = PBXBuildFile; fileRef = 64433F4327CFE3210073DC50 /* AppDelegate.swift */; };
		64433F4627CFE3210073DC50 /* SceneDelegate.swift in Sources */ = {isa = PBXBuildFile; fileRef = 64433F4527CFE3210073DC50 /* SceneDelegate.swift */; };
		64433F4827CFE3210073DC50 /* ViewController.swift in Sources */ = {isa = PBXBuildFile; fileRef = 64433F4727CFE3210073DC50 /* ViewController.swift */; };
		64433F4B27CFE3210073DC50 /* Main.storyboard in Resources */ = {isa = PBXBuildFile; fileRef = 64433F4927CFE3210073DC50 /* Main.storyboard */; };
		64433F4D27CFE3240073DC50 /* Assets.xcassets in Resources */ = {isa = PBXBuildFile; fileRef = 64433F4C27CFE3240073DC50 /* Assets.xcassets */; };
		64433F5027CFE3240073DC50 /* LaunchScreen.storyboard in Resources */ = {isa = PBXBuildFile; fileRef = 64433F4E27CFE3240073DC50 /* LaunchScreen.storyboard */; };
		64433F5B27CFE3250073DC50 /* TimeDatePickerKullanimTests.swift in Sources */ = {isa = PBXBuildFile; fileRef = 64433F5A27CFE3250073DC50 /* TimeDatePickerKullanimTests.swift */; };
		64433F6527CFE3250073DC50 /* TimeDatePickerKullanimUITests.swift in Sources */ = {isa = PBXBuildFile; fileRef = 64433F6427CFE3250073DC50 /* TimeDatePickerKullanimUITests.swift */; };
		64433F6727CFE3250073DC50 /* TimeDatePickerKullanimUITestsLaunchTests.swift in Sources */ = {isa = PBXBuildFile; fileRef = 64433F6627CFE3250073DC50 /* TimeDatePickerKullanimUITestsLaunchTests.swift */; };
/* End PBXBuildFile section */

/* Begin PBXContainerItemProxy section */
		64433F5727CFE3250073DC50 /* PBXContainerItemProxy */ = {
			isa = PBXContainerItemProxy;
			containerPortal = 64433F3827CFE3210073DC50 /* Project object */;
			proxyType = 1;
			remoteGlobalIDString = 64433F3F27CFE3210073DC50;
			remoteInfo = TimeDatePickerKullanim;
		};
		64433F6127CFE3250073DC50 /* PBXContainerItemProxy */ = {
			isa = PBXContainerItemProxy;
			containerPortal = 64433F3827CFE3210073DC50 /* Project object */;
			proxyType = 1;
			remoteGlobalIDString = 64433F3F27CFE3210073DC50;
			remoteInfo = TimeDatePickerKullanim;
		};
/* End PBXContainerItemProxy section */

/* Begin PBXFileReference section */
		64433F4027CFE3210073DC50 /* TimeDatePickerKullanim.app */ = {isa = PBXFileReference; explicitFileType = wrapper.application; includeInIndex = 0; path = TimeDatePickerKullanim.app; sourceTree = BUILT_PRODUCTS_DIR; };
		64433F4327CFE3210073DC50 /* AppDelegate.swift */ = {isa = PBXFileReference; lastKnownFileType = sourcecode.swift; path = AppDelegate.swift; sourceTree = "<group>"; };
		64433F4527CFE3210073DC50 /* SceneDelegate.swift */ = {isa = PBXFileReference; lastKnownFileType = sourcecode.swift; path = SceneDelegate.swift; sourceTree = "<group>"; };
		64433F4727CFE3210073DC50 /* ViewController.swift */ = {isa = PBXFileReference; lastKnownFileType = sourcecode.swift; path = ViewController.swift; sourceTree = "<group>"; };
		64433F4A27CFE3210073DC50 /* Base */ = {isa = PBXFileReference; lastKnownFileType = file.storyboard; name = Base; path = Base.lproj/Main.storyboard; sourceTree = "<group>"; };
		64433F4C27CFE3240073DC50 /* Assets.xcassets */ = {isa = PBXFileReference; lastKnownFileType = folder.assetcatalog; path = Assets.xcassets; sourceTree = "<group>"; };
		64433F4F27CFE3240073DC50 /* Base */ = {isa = PBXFileReference; lastKnownFileType = file.storyboard; name = Base; path = Base.lproj/LaunchScreen.storyboard; sourceTree = "<group>"; };
		64433F5127CFE3240073DC50 /* Info.plist */ = {isa = PBXFileReference; lastKnownFileType = text.plist.xml; path = Info.plist; sourceTree = "<group>"; };
		64433F5627CFE3250073DC50 /* TimeDatePickerKullanimTests.xctest */ = {isa = PBXFileReference; explicitFileType = wrapper.cfbundle; includeInIndex = 0; path = TimeDatePickerKullanimTests.xctest; sourceTree = BUILT_PRODUCTS_DIR; };
		64433F5A27CFE3250073DC50 /* TimeDatePickerKullanimTests.swift */ = {isa = PBXFileReference; lastKnownFileType = sourcecode.swift; path = TimeDatePickerKullanimTests.swift; sourceTree = "<group>"; };
		64433F6027CFE3250073DC50 /* TimeDatePickerKullanimUITests.xctest */ = {isa = PBXFileReference; explicitFileType = wrapper.cfbundle; includeInIndex = 0; path = TimeDatePickerKullanimUITests.xctest; sourceTree = BUILT_PRODUCTS_DIR; };
		64433F6427CFE3250073DC50 /* TimeDatePickerKullanimUITests.swift */ = {isa = PBXFileReference; lastKnownFileType = sourcecode.swift; path = TimeDatePickerKullanimUITests.swift; sourceTree = "<group>"; };
		64433F6627CFE3250073DC50 /* TimeDatePickerKullanimUITestsLaunchTests.swift */ = {isa = PBXFileReference; lastKnownFileType = sourcecode.swift; path = TimeDatePickerKullanimUITestsLaunchTests.swift; sourceTree = "<group>"; };
/* End PBXFileReference section */

/* Begin PBXFrameworksBuildPhase section */
		64433F3D27CFE3210073DC50 /* Frameworks */ = {
			isa = PBXFrameworksBuildPhase;
			buildActionMask = 2147483647;
			files = (
			);
			runOnlyForDeploymentPostprocessing = 0;
		};
		64433F5327CFE3250073DC50 /* Frameworks */ = {
			isa = PBXFrameworksBuildPhase;
			buildActionMask = 2147483647;
			files = (
			);
			runOnlyForDeploymentPostprocessing = 0;
		};
		64433F5D27CFE3250073DC50 /* Frameworks */ = {
			isa = PBXFrameworksBuildPhase;
			buildActionMask = 2147483647;
			files = (
			);
			runOnlyForDeploymentPostprocessing = 0;
		};
/* End PBXFrameworksBuildPhase section */

/* Begin PBXGroup section */
		64433F3727CFE3210073DC50 = {
			isa = PBXGroup;
			children = (
				64433F4227CFE3210073DC50 /* TimeDatePickerKullanim */,
				64433F5927CFE3250073DC50 /* TimeDatePickerKullanimTests */,
				64433F6327CFE3250073DC50 /* TimeDatePickerKullanimUITests */,
				64433F4127CFE3210073DC50 /* Products */,
			);
			sourceTree = "<group>";
		};
		64433F4127CFE3210073DC50 /* Products */ = {
			isa = PBXGroup;
			children = (
				64433F4027CFE3210073DC50 /* TimeDatePickerKullanim.app */,
				64433F5627CFE3250073DC50 /* TimeDatePickerKullanimTests.xctest */,
				64433F6027CFE3250073DC50 /* TimeDatePickerKullanimUITests.xctest */,
			);
			name = Products;
			sourceTree = "<group>";
		};
		64433F4227CFE3210073DC50 /* TimeDatePickerKullanim */ = {
			isa = PBXGroup;
			children = (
				64433F4327CFE3210073DC50 /* AppDelegate.swift */,
				64433F4527CFE3210073DC50 /* SceneDelegate.swift */,
				64433F4727CFE3210073DC50 /* ViewController.swift */,
				64433F4927CFE3210073DC50 /* Main.storyboard */,
				64433F4C27CFE3240073DC50 /* Assets.xcassets */,
				64433F4E27CFE3240073DC50 /* LaunchScreen.storyboard */,
				64433F5127CFE3240073DC50 /* Info.plist */,
			);
			path = TimeDatePickerKullanim;
			sourceTree = "<group>";
		};
		64433F5927CFE3250073DC50 /* TimeDatePickerKullanimTests */ = {
			isa = PBXGroup;
			children = (
				64433F5A27CFE3250073DC50 /* TimeDatePickerKullanimTests.swift */,
			);
			path = TimeDatePickerKullanimTests;
			sourceTree = "<group>";
		};
		64433F6327CFE3250073DC50 /* TimeDatePickerKullanimUITests */ = {
			isa = PBXGroup;
			children = (
				64433F6427CFE3250073DC50 /* TimeDatePickerKullanimUITests.swift */,
				64433F6627CFE3250073DC50 /* TimeDatePickerKullanimUITestsLaunchTests.swift */,
			);
			path = TimeDatePickerKullanimUITests;
			sourceTree = "<group>";
		};
/* End PBXGroup section */

/* Begin PBXNativeTarget section */
		64433F3F27CFE3210073DC50 /* TimeDatePickerKullanim */ = {
			isa = PBXNativeTarget;
			buildConfigurationList = 64433F6A27CFE3250073DC50 /* Build configuration list for PBXNativeTarget "TimeDatePickerKullanim" */;
			buildPhases = (
				64433F3C27CFE3210073DC50 /* Sources */,
				64433F3D27CFE3210073DC50 /* Frameworks */,
				64433F3E27CFE3210073DC50 /* Resources */,
			);
			buildRules = (
			);
			dependencies = (
			);
			name = TimeDatePickerKullanim;
			productName = TimeDatePickerKullanim;
			productReference = 64433F4027CFE3210073DC50 /* TimeDatePickerKullanim.app */;
			productType = "com.apple.product-type.application";
		};
		64433F5527CFE3250073DC50 /* TimeDatePickerKullanimTests */ = {
			isa = PBXNativeTarget;
			buildConfigurationList = 64433F6D27CFE3250073DC50 /* Build configuration list for PBXNativeTarget "TimeDatePickerKullanimTests" */;
			buildPhases = (
				64433F5227CFE3250073DC50 /* Sources */,
				64433F5327CFE3250073DC50 /* Frameworks */,
				64433F5427CFE3250073DC50 /* Resources */,
			);
			buildRules = (
			);
			dependencies = (
				64433F5827CFE3250073DC50 /* PBXTargetDependency */,
			);
			name = TimeDatePickerKullanimTests;
			productName = TimeDatePickerKullanimTests;
			productReference = 64433F5627CFE3250073DC50 /* TimeDatePickerKullanimTests.xctest */;
			productType = "com.apple.product-type.bundle.unit-test";
		};
		64433F5F27CFE3250073DC50 /* TimeDatePickerKullanimUITests */ = {
			isa = PBXNativeTarget;
			buildConfigurationList = 64433F7027CFE3250073DC50 /* Build configuration list for PBXNativeTarget "TimeDatePickerKullanimUITests" */;
			buildPhases = (
				64433F5C27CFE3250073DC50 /* Sources */,
				64433F5D27CFE3250073DC50 /* Frameworks */,
				64433F5E27CFE3250073DC50 /* Resources */,
			);
			buildRules = (
			);
			dependencies = (
				64433F6227CFE3250073DC50 /* PBXTargetDependency */,
			);
			name = TimeDatePickerKullanimUITests;
			productName = TimeDatePickerKullanimUITests;
			productReference = 64433F6027CFE3250073DC50 /* TimeDatePickerKullanimUITests.xctest */;
			productType = "com.apple.product-type.bundle.ui-testing";
		};
/* End PBXNativeTarget section */

/* Begin PBXProject section */
		64433F3827CFE3210073DC50 /* Project object */ = {
			isa = PBXProject;
			attributes = {
				BuildIndependentTargetsInParallel = 1;
				LastSwiftUpdateCheck = 1320;
				LastUpgradeCheck = 1320;
				TargetAttributes = {
					64433F3F27CFE3210073DC50 = {
						CreatedOnToolsVersion = 13.2.1;
					};
					64433F5527CFE3250073DC50 = {
						CreatedOnToolsVersion = 13.2.1;
						TestTargetID = 64433F3F27CFE3210073DC50;
					};
					64433F5F27CFE3250073DC50 = {
						CreatedOnToolsVersion = 13.2.1;
						TestTargetID = 64433F3F27CFE3210073DC50;
					};
				};
			};
			buildConfigurationList = 64433F3B27CFE3210073DC50 /* Build configuration list for PBXProject "TimeDatePickerKullanim" */;
			compatibilityVersion = "Xcode 13.0";
			developmentRegion = en;
			hasScannedForEncodings = 0;
			knownRegions = (
				en,
				Base,
			);
			mainGroup = 64433F3727CFE3210073DC50;
			productRefGroup = 64433F4127CFE3210073DC50 /* Products */;
			projectDirPath = "";
			projectRoot = "";
			targets = (
				64433F3F27CFE3210073DC50 /* TimeDatePickerKullanim */,
				64433F5527CFE3250073DC50 /* TimeDatePickerKullanimTests */,
				64433F5F27CFE3250073DC50 /* TimeDatePickerKullanimUITests */,
			);
		};
/* End PBXProject section */

/* Begin PBXResourcesBuildPhase section */
		64433F3E27CFE3210073DC50 /* Resources */ = {
			isa = PBXResourcesBuildPhase;
			buildActionMask = 2147483647;
			files = (
				64433F5027CFE3240073DC50 /* LaunchScreen.storyboard in Resources */,
				64433F4D27CFE3240073DC50 /* Assets.xcassets in Resources */,
				64433F4B27CFE3210073DC50 /* Main.storyboard in Resources */,
			);
			runOnlyForDeploymentPostprocessing = 0;
		};
		64433F5427CFE3250073DC50 /* Resources */ = {
			isa = PBXResourcesBuildPhase;
			buildActionMask = 2147483647;
			files = (
			);
			runOnlyForDeploymentPostprocessing = 0;
		};
		64433F5E27CFE3250073DC50 /* Resources */ = {
			isa = PBXResourcesBuildPhase;
			buildActionMask = 2147483647;
			files = (
			);
			runOnlyForDeploymentPostprocessing = 0;
		};
/* End PBXResourcesBuildPhase section */

/* Begin PBXSourcesBuildPhase section */
		64433F3C27CFE3210073DC50 /* Sources */ = {
			isa = PBXSourcesBuildPhase;
			buildActionMask = 2147483647;
			files = (
				64433F4827CFE3210073DC50 /* ViewController.swift in Sources */,
				64433F4427CFE3210073DC50 /* AppDelegate.swift in Sources */,
				64433F4627CFE3210073DC50 /* SceneDelegate.swift in Sources */,
			);
			runOnlyForDeploymentPostprocessing = 0;
		};
		64433F5227CFE3250073DC50 /* Sources */ = {
			isa = PBXSourcesBuildPhase;
			buildActionMask = 2147483647;
			files = (
				64433F5B27CFE3250073DC50 /* TimeDatePickerKullanimTests.swift in Sources */,
			);
			runOnlyForDeploymentPostprocessing = 0;
		};
		64433F5C27CFE3250073DC50 /* Sources */ = {
			isa = PBXSourcesBuildPhase;
			buildActionMask = 2147483647;
			files = (
				64433F6727CFE3250073DC50 /* TimeDatePickerKullanimUITestsLaunchTests.swift in Sources */,
				64433F6527CFE3250073DC50 /* TimeDatePickerKullanimUITests.swift in Sources */,
			);
			runOnlyForDeploymentPostprocessing = 0;
		};
/* End PBXSourcesBuildPhase section */

/* Begin PBXTargetDependency section */
		64433F5827CFE3250073DC50 /* PBXTargetDependency */ = {
			isa = PBXTargetDependency;
			target = 64433F3F27CFE3210073DC50 /* TimeDatePickerKullanim */;
			targetProxy = 64433F5727CFE3250073DC50 /* PBXContainerItemProxy */;
		};
		64433F6227CFE3250073DC50 /* PBXTargetDependency */ = {
			isa = PBXTargetDependency;
			target = 64433F3F27CFE3210073DC50 /* TimeDatePickerKullanim */;
			targetProxy = 64433F6127CFE3250073DC50 /* PBXContainerItemProxy */;
		};
/* End PBXTargetDependency section */

/* Begin PBXVariantGroup section */
		64433F4927CFE3210073DC50 /* Main.storyboard */ = {
			isa = PBXVariantGroup;
			children = (
				64433F4A27CFE3210073DC50 /* Base */,
			);
			name = Main.storyboard;
			sourceTree = "<group>";
		};
		64433F4E27CFE3240073DC50 /* LaunchScreen.storyboard */ = {
			isa = PBXVariantGroup;
			children = (
				64433F4F27CFE3240073DC50 /* Base */,
			);
			name = LaunchScreen.storyboard;
			sourceTree = "<group>";
		};
/* End PBXVariantGroup section */

/* Begin XCBuildConfiguration section */
		64433F6827CFE3250073DC50 /* Debug */ = {
			isa = XCBuildConfiguration;
			buildSettings = {
				ALWAYS_SEARCH_USER_PATHS = NO;
				CLANG_ANALYZER_NONNULL = YES;
				CLANG_ANALYZER_NUMBER_OBJECT_CONVERSION = YES_AGGRESSIVE;
				CLANG_CXX_LANGUAGE_STANDARD = "gnu++17";
				CLANG_CXX_LIBRARY = "libc++";
				CLANG_ENABLE_MODULES = YES;
				CLANG_ENABLE_OBJC_ARC = YES;
				CLANG_ENABLE_OBJC_WEAK = YES;
				CLANG_WARN_BLOCK_CAPTURE_AUTORELEASING = YES;
				CLANG_WARN_BOOL_CONVERSION = YES;
				CLANG_WARN_COMMA = YES;
				CLANG_WARN_CONSTANT_CONVERSION = YES;
				CLANG_WARN_DEPRECATED_OBJC_IMPLEMENTATIONS = YES;
				CLANG_WARN_DIRECT_OBJC_ISA_USAGE = YES_ERROR;
				CLANG_WARN_DOCUMENTATION_COMMENTS = YES;
				CLANG_WARN_EMPTY_BODY = YES;
				CLANG_WARN_ENUM_CONVERSION = YES;
				CLANG_WARN_INFINITE_RECURSION = YES;
				CLANG_WARN_INT_CONVERSION = YES;
				CLANG_WARN_NON_LITERAL_NULL_CONVERSION = YES;
				CLANG_WARN_OBJC_IMPLICIT_RETAIN_SELF = YES;
				CLANG_WARN_OBJC_LITERAL_CONVERSION = YES;
				CLANG_WARN_OBJC_ROOT_CLASS = YES_ERROR;
				CLANG_WARN_QUOTED_INCLUDE_IN_FRAMEWORK_HEADER = YES;
				CLANG_WARN_RANGE_LOOP_ANALYSIS = YES;
				CLANG_WARN_STRICT_PROTOTYPES = YES;
				CLANG_WARN_SUSPICIOUS_MOVE = YES;
				CLANG_WARN_UNGUARDED_AVAILABILITY = YES_AGGRESSIVE;
				CLANG_WARN_UNREACHABLE_CODE = YES;
				CLANG_WARN__DUPLICATE_METHOD_MATCH = YES;
				COPY_PHASE_STRIP = NO;
				DEBUG_INFORMATION_FORMAT = dwarf;
				ENABLE_STRICT_OBJC_MSGSEND = YES;
				ENABLE_TESTABILITY = YES;
				GCC_C_LANGUAGE_STANDARD = gnu11;
				GCC_DYNAMIC_NO_PIC = NO;
				GCC_NO_COMMON_BLOCKS = YES;
				GCC_OPTIMIZATION_LEVEL = 0;
				GCC_PREPROCESSOR_DEFINITIONS = (
					"DEBUG=1",
					"$(inherited)",
				);
				GCC_WARN_64_TO_32_BIT_CONVERSION = YES;
				GCC_WARN_ABOUT_RETURN_TYPE = YES_ERROR;
				GCC_WARN_UNDECLARED_SELECTOR = YES;
				GCC_WARN_UNINITIALIZED_AUTOS = YES_AGGRESSIVE;
				GCC_WARN_UNUSED_FUNCTION = YES;
				GCC_WARN_UNUSED_VARIABLE = YES;
				IPHONEOS_DEPLOYMENT_TARGET = 15.2;
				MTL_ENABLE_DEBUG_INFO = INCLUDE_SOURCE;
				MTL_FAST_MATH = YES;
				ONLY_ACTIVE_ARCH = YES;
				SDKROOT = iphoneos;
				SWIFT_ACTIVE_COMPILATION_CONDITIONS = DEBUG;
				SWIFT_OPTIMIZATION_LEVEL = "-Onone";
			};
			name = Debug;
		};
		64433F6927CFE3250073DC50 /* Release */ = {
			isa = XCBuildConfiguration;
			buildSettings = {
				ALWAYS_SEARCH_USER_PATHS = NO;
				CLANG_ANALYZER_NONNULL = YES;
				CLANG_ANALYZER_NUMBER_OBJECT_CONVERSION = YES_AGGRESSIVE;
				CLANG_CXX_LANGUAGE_STANDARD = "gnu++17";
				CLANG_CXX_LIBRARY = "libc++";
				CLANG_ENABLE_MODULES = YES;
				CLANG_ENABLE_OBJC_ARC = YES;
				CLANG_ENABLE_OBJC_WEAK = YES;
				CLANG_WARN_BLOCK_CAPTURE_AUTORELEASING = YES;
				CLANG_WARN_BOOL_CONVERSION = YES;
				CLANG_WARN_COMMA = YES;
				CLANG_WARN_CONSTANT_CONVERSION = YES;
				CLANG_WARN_DEPRECATED_OBJC_IMPLEMENTATIONS = YES;
				CLANG_WARN_DIRECT_OBJC_ISA_USAGE = YES_ERROR;
				CLANG_WARN_DOCUMENTATION_COMMENTS = YES;
				CLANG_WARN_EMPTY_BODY = YES;
				CLANG_WARN_ENUM_CONVERSION = YES;
				CLANG_WARN_INFINITE_RECURSION = YES;
				CLANG_WARN_INT_CONVERSION = YES;
				CLANG_WARN_NON_LITERAL_NULL_CONVERSION = YES;
				CLANG_WARN_OBJC_IMPLICIT_RETAIN_SELF = YES;
				CLANG_WARN_OBJC_LITERAL_CONVERSION = YES;
				CLANG_WARN_OBJC_ROOT_CLASS = YES_ERROR;
				CLANG_WARN_QUOTED_INCLUDE_IN_FRAMEWORK_HEADER = YES;
				CLANG_WARN_RANGE_LOOP_ANALYSIS = YES;
				CLANG_WARN_STRICT_PROTOTYPES = YES;
				CLANG_WARN_SUSPICIOUS_MOVE = YES;
				CLANG_WARN_UNGUARDED_AVAILABILITY = YES_AGGRESSIVE;
				CLANG_WARN_UNREACHABLE_CODE = YES;
				CLANG_WARN__DUPLICATE_METHOD_MATCH = YES;
				COPY_PHASE_STRIP = NO;
				DEBUG_INFORMATION_FORMAT = "dwarf-with-dsym";
				ENABLE_NS_ASSERTIONS = NO;
				ENABLE_STRICT_OBJC_MSGSEND = YES;
				GCC_C_LANGUAGE_STANDARD = gnu11;
				GCC_NO_COMMON_BLOCKS = YES;
				GCC_WARN_64_TO_32_BIT_CONVERSION = YES;
				GCC_WARN_ABOUT_RETURN_TYPE = YES_ERROR;
				GCC_WARN_UNDECLARED_SELECTOR = YES;
				GCC_WARN_UNINITIALIZED_AUTOS = YES_AGGRESSIVE;
				GCC_WARN_UNUSED_FUNCTION = YES;
				GCC_WARN_UNUSED_VARIABLE = YES;
				IPHONEOS_DEPLOYMENT_TARGET = 15.2;
				MTL_ENABLE_DEBUG_INFO = NO;
				MTL_FAST_MATH = YES;
				SDKROOT = iphoneos;
				SWIFT_COMPILATION_MODE = wholemodule;
				SWIFT_OPTIMIZATION_LEVEL = "-O";
				VALIDATE_PRODUCT = YES;
			};
			name = Release;
		};
		64433F6B27CFE3250073DC50 /* Debug */ = {
			isa = XCBuildConfiguration;
			buildSettings = {
				ASSETCATALOG_COMPILER_APPICON_NAME = AppIcon;
				ASSETCATALOG_COMPILER_GLOBAL_ACCENT_COLOR_NAME = AccentColor;
				CODE_SIGN_STYLE = Automatic;
				CURRENT_PROJECT_VERSION = 1;
				DEVELOPMENT_TEAM = 3FG7TQNGBP;
				GENERATE_INFOPLIST_FILE = YES;
				INFOPLIST_FILE = TimeDatePickerKullanim/Info.plist;
				INFOPLIST_KEY_UIApplicationSupportsIndirectInputEvents = YES;
				INFOPLIST_KEY_UILaunchStoryboardName = LaunchScreen;
				INFOPLIST_KEY_UIMainStoryboardFile = Main;
				INFOPLIST_KEY_UISupportedInterfaceOrientations_iPad = "UIInterfaceOrientationPortrait UIInterfaceOrientationPortraitUpsideDown UIInterfaceOrientationLandscapeLeft UIInterfaceOrientationLandscapeRight";
				INFOPLIST_KEY_UISupportedInterfaceOrientations_iPhone = "UIInterfaceOrientationPortrait UIInterfaceOrientationLandscapeLeft UIInterfaceOrientationLandscapeRight";
				LD_RUNPATH_SEARCH_PATHS = (
					"$(inherited)",
					"@executable_path/Frameworks",
				);
				MARKETING_VERSION = 1.0;
				PRODUCT_BUNDLE_IDENTIFIER = com.osmanyesil.TimeDatePickerKullanim;
				PRODUCT_NAME = "$(TARGET_NAME)";
				SWIFT_EMIT_LOC_STRINGS = YES;
				SWIFT_VERSION = 5.0;
				TARGETED_DEVICE_FAMILY = "1,2";
			};
			name = Debug;
		};
		64433F6C27CFE3250073DC50 /* Release */ = {
			isa = XCBuildConfiguration;
			buildSettings = {
				ASSETCATALOG_COMPILER_APPICON_NAME = AppIcon;
				ASSETCATALOG_COMPILER_GLOBAL_ACCENT_COLOR_NAME = AccentColor;
				CODE_SIGN_STYLE = Automatic;
				CURRENT_PROJECT_VERSION = 1;
				DEVELOPMENT_TEAM = 3FG7TQNGBP;
				GENERATE_INFOPLIST_FILE = YES;
				INFOPLIST_FILE = TimeDatePickerKullanim/Info.plist;
				INFOPLIST_KEY_UIApplicationSupportsIndirectInputEvents = YES;
				INFOPLIST_KEY_UILaunchStoryboardName = LaunchScreen;
				INFOPLIST_KEY_UIMainStoryboardFile = Main;
				INFOPLIST_KEY_UISupportedInterfaceOrientations_iPad = "UIInterfaceOrientationPortrait UIInterfaceOrientationPortraitUpsideDown UIInterfaceOrientationLandscapeLeft UIInterfaceOrientationLandscapeRight";
				INFOPLIST_KEY_UISupportedInterfaceOrientations_iPhone = "UIInterfaceOrientationPortrait UIInterfaceOrientationLandscapeLeft UIInterfaceOrientationLandscapeRight";
				LD_RUNPATH_SEARCH_PATHS = (
					"$(inherited)",
					"@executable_path/Frameworks",
				);
				MARKETING_VERSION = 1.0;
				PRODUCT_BUNDLE_IDENTIFIER = com.osmanyesil.TimeDatePickerKullanim;
				PRODUCT_NAME = "$(TARGET_NAME)";
				SWIFT_EMIT_LOC_STRINGS = YES;
				SWIFT_VERSION = 5.0;
				TARGETED_DEVICE_FAMILY = "1,2";
			};
			name = Release;
		};
		64433F6E27CFE3250073DC50 /* Debug */ = {
			isa = XCBuildConfiguration;
			buildSettings = {
				ALWAYS_EMBED_SWIFT_STANDARD_LIBRARIES = YES;
				BUNDLE_LOADER = "$(TEST_HOST)";
				CODE_SIGN_STYLE = Automatic;
				CURRENT_PROJECT_VERSION = 1;
				DEVELOPMENT_TEAM = 3FG7TQNGBP;
				GENERATE_INFOPLIST_FILE = YES;
				IPHONEOS_DEPLOYMENT_TARGET = 15.2;
				MARKETING_VERSION = 1.0;
				PRODUCT_BUNDLE_IDENTIFIER = com.osmanyesil.TimeDatePickerKullanimTests;
				PRODUCT_NAME = "$(TARGET_NAME)";
				SWIFT_EMIT_LOC_STRINGS = NO;
				SWIFT_VERSION = 5.0;
				TARGETED_DEVICE_FAMILY = "1,2";
				TEST_HOST = "$(BUILT_PRODUCTS_DIR)/TimeDatePickerKullanim.app/TimeDatePickerKullanim";
			};
			name = Debug;
		};
		64433F6F27CFE3250073DC50 /* Release */ = {
			isa = XCBuildConfiguration;
			buildSettings = {
				ALWAYS_EMBED_SWIFT_STANDARD_LIBRARIES = YES;
				BUNDLE_LOADER = "$(TEST_HOST)";
				CODE_SIGN_STYLE = Automatic;
				CURRENT_PROJECT_VERSION = 1;
				DEVELOPMENT_TEAM = 3FG7TQNGBP;
				GENERATE_INFOPLIST_FILE = YES;
				IPHONEOS_DEPLOYMENT_TARGET = 15.2;
				MARKETING_VERSION = 1.0;
				PRODUCT_BUNDLE_IDENTIFIER = com.osmanyesil.TimeDatePickerKullanimTests;
				PRODUCT_NAME = "$(TARGET_NAME)";
				SWIFT_EMIT_LOC_STRINGS = NO;
				SWIFT_VERSION = 5.0;
				TARGETED_DEVICE_FAMILY = "1,2";
				TEST_HOST = "$(BUILT_PRODUCTS_DIR)/TimeDatePickerKullanim.app/TimeDatePickerKullanim";
			};
			name = Release;
		};
		64433F7127CFE3250073DC50 /* Debug */ = {
			isa = XCBuildConfiguration;
			buildSettings = {
				ALWAYS_EMBED_SWIFT_STANDARD_LIBRARIES = YES;
				CODE_SIGN_STYLE = Automatic;
				CURRENT_PROJECT_VERSION = 1;
				DEVELOPMENT_TEAM = 3FG7TQNGBP;
				GENERATE_INFOPLIST_FILE = YES;
				MARKETING_VERSION = 1.0;
				PRODUCT_BUNDLE_IDENTIFIER = com.osmanyesil.TimeDatePickerKullanimUITests;
				PRODUCT_NAME = "$(TARGET_NAME)";
				SWIFT_EMIT_LOC_STRINGS = NO;
				SWIFT_VERSION = 5.0;
				TARGETED_DEVICE_FAMILY = "1,2";
				TEST_TARGET_NAME = TimeDatePickerKullanim;
			};
			name = Debug;
		};
		64433F7227CFE3250073DC50 /* Release */ = {
			isa = XCBuildConfiguration;
			buildSettings = {
				ALWAYS_EMBED_SWIFT_STANDARD_LIBRARIES = YES;
				CODE_SIGN_STYLE = Automatic;
				CURRENT_PROJECT_VERSION = 1;
				DEVELOPMENT_TEAM = 3FG7TQNGBP;
				GENERATE_INFOPLIST_FILE = YES;
				MARKETING_VERSION = 1.0;
				PRODUCT_BUNDLE_IDENTIFIER = com.osmanyesil.TimeDatePickerKullanimUITests;
				PRODUCT_NAME = "$(TARGET_NAME)";
				SWIFT_EMIT_LOC_STRINGS = NO;
				SWIFT_VERSION = 5.0;
				TARGETED_DEVICE_FAMILY = "1,2";
				TEST_TARGET_NAME = TimeDatePickerKullanim;
			};
			name = Release;
		};
/* End XCBuildConfiguration section */

/* Begin XCConfigurationList section */
		64433F3B27CFE3210073DC50 /* Build configuration list for PBXProject "TimeDatePickerKullanim" */ = {
			isa = XCConfigurationList;
			buildConfigurations = (
				64433F6827CFE3250073DC50 /* Debug */,
				64433F6927CFE3250073DC50 /* Release */,
			);
			defaultConfigurationIsVisible = 0;
			defaultConfigurationName = Release;
		};
		64433F6A27CFE3250073DC50 /* Build configuration list for PBXNativeTarget "TimeDatePickerKullanim" */ = {
			isa = XCConfigurationList;
			buildConfigurations = (
				64433F6B27CFE3250073DC50 /* Debug */,
				64433F6C27CFE3250073DC50 /* Release */,
			);
			defaultConfigurationIsVisible = 0;
			defaultConfigurationName = Release;
		};
		64433F6D27CFE3250073DC50 /* Build configuration list for PBXNativeTarget "TimeDatePickerKullanimTests" */ = {
			isa = XCConfigurationList;
			buildConfigurations = (
				64433F6E27CFE3250073DC50 /* Debug */,
				64433F6F27CFE3250073DC50 /* Release */,
			);
			defaultConfigurationIsVisible = 0;
			defaultConfigurationName = Release;
		};
		64433F7027CFE3250073DC50 /* Build configuration list for PBXNativeTarget "TimeDatePickerKullanimUITests" */ = {
			isa = XCConfigurationList;
			buildConfigurations = (
				64433F7127CFE3250073DC50 /* Debug */,
				64433F7227CFE3250073DC50 /* Release */,
			);
			defaultConfigurationIsVisible = 0;
			defaultConfigurationName = Release;
		};
/* End XCConfigurationList section */
	};
	rootObject = 64433F3827CFE3210073DC50 /* Project object */;
}
